// !$*UTF8*$!
{
	archiveVersion = 1;
	classes = {
	};
	objectVersion = 56;
	objects = {

/* Begin PBXBuildFile section */
		3C4A096E17D58210E8E70B30 /* Pods_PhysioSync.framework in Frameworks */ = {isa = PBXBuildFile; fileRef = 644C11C617AB09AD38A62E4D /* Pods_PhysioSync.framework */; };
		671FE5A12C33424C007BDE79 /* Predictor.swift in Sources */ = {isa = PBXBuildFile; fileRef = 671FE59F2C33424C007BDE79 /* Predictor.swift */; };
		671FE5A22C33424C007BDE79 /* VideoCapture.swift in Sources */ = {isa = PBXBuildFile; fileRef = 671FE5A02C33424C007BDE79 /* VideoCapture.swift */; };
		671FE5A62C334440007BDE79 /* ExerciseVC.swift in Sources */ = {isa = PBXBuildFile; fileRef = 671FE5A52C334440007BDE79 /* ExerciseVC.swift */; };
		67320C8D2C168C0B003188AA /* TherapistTab.storyboard in Resources */ = {isa = PBXBuildFile; fileRef = 67320C8C2C168C0B003188AA /* TherapistTab.storyboard */; };
		67320C902C168F79003188AA /* TherapistPatientVC.swift in Sources */ = {isa = PBXBuildFile; fileRef = 67320C8F2C168F79003188AA /* TherapistPatientVC.swift */; };
		67320C922C168F8B003188AA /* TherapistPatientListTVC.swift in Sources */ = {isa = PBXBuildFile; fileRef = 67320C912C168F8B003188AA /* TherapistPatientListTVC.swift */; };
		674E53ED2C0940660033F260 /* WelcomeVC.swift in Sources */ = {isa = PBXBuildFile; fileRef = 674E53EC2C0940660033F260 /* WelcomeVC.swift */; };
		674E53F02C0944230033F260 /* TherapistOnboardingVC.swift in Sources */ = {isa = PBXBuildFile; fileRef = 674E53EF2C0944230033F260 /* TherapistOnboardingVC.swift */; };
		674E53F22C0946760033F260 /* StoryBoardIDs.swift in Sources */ = {isa = PBXBuildFile; fileRef = 674E53F12C0946760033F260 /* StoryBoardIDs.swift */; };
		674E53F72C0947F30033F260 /* TherapistOnboardingModel.swift in Sources */ = {isa = PBXBuildFile; fileRef = 674E53F62C0947F30033F260 /* TherapistOnboardingModel.swift */; };
		674E53F92C094EBA0033F260 /* TherapistWelcomeVC.swift in Sources */ = {isa = PBXBuildFile; fileRef = 674E53F82C094EBA0033F260 /* TherapistWelcomeVC.swift */; };
		674E53FE2C0951ED0033F260 /* PatientLoginVC.swift in Sources */ = {isa = PBXBuildFile; fileRef = 674E53FD2C0951ED0033F260 /* PatientLoginVC.swift */; };
		674E54002C09584F0033F260 /* SetPasswordVC.swift in Sources */ = {isa = PBXBuildFile; fileRef = 674E53FF2C09584F0033F260 /* SetPasswordVC.swift */; };
		676BEA5D2C0C404E00A193CF /* Outfit-Medium.ttf in Resources */ = {isa = PBXBuildFile; fileRef = 676BEA542C0C404E00A193CF /* Outfit-Medium.ttf */; };
		676BEA5E2C0C404E00A193CF /* Outfit-Bold.ttf in Resources */ = {isa = PBXBuildFile; fileRef = 676BEA552C0C404E00A193CF /* Outfit-Bold.ttf */; };
		676BEA5F2C0C404E00A193CF /* Outfit-Black.ttf in Resources */ = {isa = PBXBuildFile; fileRef = 676BEA562C0C404E00A193CF /* Outfit-Black.ttf */; };
		676BEA602C0C404E00A193CF /* Outfit-SemiBold.ttf in Resources */ = {isa = PBXBuildFile; fileRef = 676BEA572C0C404E00A193CF /* Outfit-SemiBold.ttf */; };
		676BEA612C0C404E00A193CF /* Outfit-ExtraLight.ttf in Resources */ = {isa = PBXBuildFile; fileRef = 676BEA582C0C404E00A193CF /* Outfit-ExtraLight.ttf */; };
		676BEA622C0C404E00A193CF /* Outfit-ExtraBold.ttf in Resources */ = {isa = PBXBuildFile; fileRef = 676BEA592C0C404E00A193CF /* Outfit-ExtraBold.ttf */; };
		676BEA632C0C404E00A193CF /* Outfit-Light.ttf in Resources */ = {isa = PBXBuildFile; fileRef = 676BEA5A2C0C404E00A193CF /* Outfit-Light.ttf */; };
		676BEA642C0C404E00A193CF /* Outfit-Regular.ttf in Resources */ = {isa = PBXBuildFile; fileRef = 676BEA5B2C0C404E00A193CF /* Outfit-Regular.ttf */; };
		676BEA652C0C404E00A193CF /* Outfit-Thin.ttf in Resources */ = {isa = PBXBuildFile; fileRef = 676BEA5C2C0C404E00A193CF /* Outfit-Thin.ttf */; };
		677481BE2C3F2FBB00E3A23F /* V_Logo_Animation.mp4 in Resources */ = {isa = PBXBuildFile; fileRef = 677481BD2C3F2FBA00E3A23F /* V_Logo_Animation.mp4 */; };
		67795B682C2A8AF600271E5C /* TherapistHomeModel.swift in Sources */ = {isa = PBXBuildFile; fileRef = 67795B672C2A8AF600271E5C /* TherapistHomeModel.swift */; };
		67795B6B2C2A8B1500271E5C /* TherapistHomeViewModel.swift in Sources */ = {isa = PBXBuildFile; fileRef = 67795B6A2C2A8B1500271E5C /* TherapistHomeViewModel.swift */; };
		677F5F032C15025F006792F2 /* PatientTab.storyboard in Resources */ = {isa = PBXBuildFile; fileRef = 677F5F022C15025F006792F2 /* PatientTab.storyboard */; };
		6784A1012C2E051C001650CB /* PatientHomeViewModel.swift in Sources */ = {isa = PBXBuildFile; fileRef = 6784A1002C2E051C001650CB /* PatientHomeViewModel.swift */; };
		6784A1042C2E1B08001650CB /* PatientHome.swift in Sources */ = {isa = PBXBuildFile; fileRef = 6784A1032C2E1B08001650CB /* PatientHome.swift */; };
		678F33D82BFED67800824A23 /* AppDelegate.swift in Sources */ = {isa = PBXBuildFile; fileRef = 678F33D72BFED67800824A23 /* AppDelegate.swift */; };
		678F33DA2BFED67800824A23 /* SceneDelegate.swift in Sources */ = {isa = PBXBuildFile; fileRef = 678F33D92BFED67800824A23 /* SceneDelegate.swift */; };
		678F33DF2BFED67800824A23 /* Base in Resources */ = {isa = PBXBuildFile; fileRef = 678F33DE2BFED67800824A23 /* Base */; };
		678F33E12BFED67A00824A23 /* Assets.xcassets in Resources */ = {isa = PBXBuildFile; fileRef = 678F33E02BFED67A00824A23 /* Assets.xcassets */; };
		678F33E42BFED67A00824A23 /* Base in Resources */ = {isa = PBXBuildFile; fileRef = 678F33E32BFED67A00824A23 /* Base */; };
		678F33FB2BFED93A00824A23 /* TherapistAuth.storyboard in Resources */ = {isa = PBXBuildFile; fileRef = 678F33FA2BFED93A00824A23 /* TherapistAuth.storyboard */; };
		678F33FD2BFED95000824A23 /* PatientAuth.storyboard in Resources */ = {isa = PBXBuildFile; fileRef = 678F33FC2BFED95000824A23 /* PatientAuth.storyboard */; };
		678F34002BFED96F00824A23 /* TherapistOnboarding.storyboard in Resources */ = {isa = PBXBuildFile; fileRef = 678F33FF2BFED96F00824A23 /* TherapistOnboarding.storyboard */; };
		678F34022BFED97C00824A23 /* PatientOnboarding.storyboard in Resources */ = {isa = PBXBuildFile; fileRef = 678F34012BFED97C00824A23 /* PatientOnboarding.storyboard */; };
		678F34042BFEDACC00824A23 /* PatientOnboardingVC.swift in Sources */ = {isa = PBXBuildFile; fileRef = 678F34032BFEDACC00824A23 /* PatientOnboardingVC.swift */; };
		678F34092BFEDB1E00824A23 /* TherapistLoginVC.swift in Sources */ = {isa = PBXBuildFile; fileRef = 678F34082BFEDB1E00824A23 /* TherapistLoginVC.swift */; };
		678F340D2BFEDB4400824A23 /* TherapistLoginViewModel.swift in Sources */ = {isa = PBXBuildFile; fileRef = 678F340C2BFEDB4400824A23 /* TherapistLoginViewModel.swift */; };
		678F34102BFEDB7800824A23 /* TherapistLoginModel.swift in Sources */ = {isa = PBXBuildFile; fileRef = 678F340F2BFEDB7800824A23 /* TherapistLoginModel.swift */; };
		678F34122BFEDC0600824A23 /* Constants.swift in Sources */ = {isa = PBXBuildFile; fileRef = 678F34112BFEDC0600824A23 /* Constants.swift */; };
		678F34142BFEDC1E00824A23 /* extensions.swift in Sources */ = {isa = PBXBuildFile; fileRef = 678F34132BFEDC1E00824A23 /* extensions.swift */; };
		678F34162BFEDC2700824A23 /* IBDesignables.swift in Sources */ = {isa = PBXBuildFile; fileRef = 678F34152BFEDC2700824A23 /* IBDesignables.swift */; };
		678F34182BFEDC2E00824A23 /* Loader.swift in Sources */ = {isa = PBXBuildFile; fileRef = 678F34172BFEDC2E00824A23 /* Loader.swift */; };
		678F341B2BFEDC3700824A23 /* NetworkingClass.swift in Sources */ = {isa = PBXBuildFile; fileRef = 678F34192BFEDC3700824A23 /* NetworkingClass.swift */; };
		678F341C2BFEDC3700824A23 /* NetworkConnectivity.swift in Sources */ = {isa = PBXBuildFile; fileRef = 678F341A2BFEDC3700824A23 /* NetworkConnectivity.swift */; };
		678F341E2BFEDC4300824A23 /* SlideTranisitionAnimator.swift in Sources */ = {isa = PBXBuildFile; fileRef = 678F341D2BFEDC4300824A23 /* SlideTranisitionAnimator.swift */; };
		6794C7A62C25BB7200E3B4F3 /* PatientLoginModel.swift in Sources */ = {isa = PBXBuildFile; fileRef = 6794C7A52C25BB7200E3B4F3 /* PatientLoginModel.swift */; };
		6794C7A82C25C3EA00E3B4F3 /* SetPasswordModel.swift in Sources */ = {isa = PBXBuildFile; fileRef = 6794C7A72C25C3EA00E3B4F3 /* SetPasswordModel.swift */; };
		6794C7AA2C25C3F500E3B4F3 /* SetPasswordViewModel.swift in Sources */ = {isa = PBXBuildFile; fileRef = 6794C7A92C25C3F500E3B4F3 /* SetPasswordViewModel.swift */; };
		6794C7AC2C26810900E3B4F3 /* AppleHealthDataManager.swift in Sources */ = {isa = PBXBuildFile; fileRef = 6794C7AB2C26810900E3B4F3 /* AppleHealthDataManager.swift */; };
		6794C7B32C26840B00E3B4F3 /* CalorieChartView.swift in Sources */ = {isa = PBXBuildFile; fileRef = 6794C7AE2C26840A00E3B4F3 /* CalorieChartView.swift */; };
		6794C7B42C26840B00E3B4F3 /* SleepGraphView.swift in Sources */ = {isa = PBXBuildFile; fileRef = 6794C7AF2C26840A00E3B4F3 /* SleepGraphView.swift */; };
		6794C7B52C26840B00E3B4F3 /* StepsChartView.swift in Sources */ = {isa = PBXBuildFile; fileRef = 6794C7B02C26840B00E3B4F3 /* StepsChartView.swift */; };
		6794C7B62C26840B00E3B4F3 /* HeartRateGraphView.swift in Sources */ = {isa = PBXBuildFile; fileRef = 6794C7B12C26840B00E3B4F3 /* HeartRateGraphView.swift */; };
		6794C7B72C26840B00E3B4F3 /* ContentView.swift in Sources */ = {isa = PBXBuildFile; fileRef = 6794C7B22C26840B00E3B4F3 /* ContentView.swift */; };
		6794C7BA2C26849400E3B4F3 /* PatientStatsVC.swift in Sources */ = {isa = PBXBuildFile; fileRef = 6794C7B92C26849400E3B4F3 /* PatientStatsVC.swift */; };
		6794C7BD2C268A2E00E3B4F3 /* StatsTabVC.swift in Sources */ = {isa = PBXBuildFile; fileRef = 6794C7BC2C268A2E00E3B4F3 /* StatsTabVC.swift */; };
		679512742C3DC45A00C01BDA /* neckRotation.mlmodel in Sources */ = {isa = PBXBuildFile; fileRef = 679512732C3DC45900C01BDA /* neckRotation.mlmodel */; };
		679512772C3E6A7500C01BDA /* ExerciseViewModel.swift in Sources */ = {isa = PBXBuildFile; fileRef = 679512762C3E6A7500C01BDA /* ExerciseViewModel.swift */; };
		67B161642C138E540028E3C3 /* PatientExerciseTab.storyboard in Resources */ = {isa = PBXBuildFile; fileRef = 67B161632C138E540028E3C3 /* PatientExerciseTab.storyboard */; };
		67B161672C138E7A0028E3C3 /* PatientExerciseTabVC.swift in Sources */ = {isa = PBXBuildFile; fileRef = 67B161662C138E7A0028E3C3 /* PatientExerciseTabVC.swift */; };
		67B161692C13F1490028E3C3 /* PatientExerciseTabTVC.swift in Sources */ = {isa = PBXBuildFile; fileRef = 67B161682C13F1490028E3C3 /* PatientExerciseTabTVC.swift */; };
		67B1616C2C14179B0028E3C3 /* PatientExerciseDetailVC.swift in Sources */ = {isa = PBXBuildFile; fileRef = 67B1616B2C14179B0028E3C3 /* PatientExerciseDetailVC.swift */; };
		67B1616E2C141A740028E3C3 /* VideoPlayer.swift in Sources */ = {isa = PBXBuildFile; fileRef = 67B1616D2C141A740028E3C3 /* VideoPlayer.swift */; };
		67C6BDDC2C36715800D86922 /* left_right_srg.mlmodel in Sources */ = {isa = PBXBuildFile; fileRef = 67C6BDDB2C36715800D86922 /* left_right_srg.mlmodel */; };
		67C7FD022C1BD7FC00476601 /* CustomHeader.swift in Sources */ = {isa = PBXBuildFile; fileRef = 67C7FD012C1BD7FC00476601 /* CustomHeader.swift */; };
		67C7FD092C1BE16100476601 /* ProfileGridCVC.xib in Resources */ = {isa = PBXBuildFile; fileRef = 67C7FD082C1BE16100476601 /* ProfileGridCVC.xib */; };
		67C7FD0A2C1BE16100476601 /* ProfileGridCVC.swift in Sources */ = {isa = PBXBuildFile; fileRef = 67C7FD072C1BE16100476601 /* ProfileGridCVC.swift */; };
		67C93E672C2A2A1F00ADEE4E /* CreateScheduleViewModel.swift in Sources */ = {isa = PBXBuildFile; fileRef = 67C93E662C2A2A1F00ADEE4E /* CreateScheduleViewModel.swift */; };
		67C9BFD52C1D0E580092CC78 /* TherapistHomeVC.swift in Sources */ = {isa = PBXBuildFile; fileRef = 67C9BFD42C1D0E580092CC78 /* TherapistHomeVC.swift */; };
		67C9BFD72C1D11D40092CC78 /* TherapistHomeCVC.swift in Sources */ = {isa = PBXBuildFile; fileRef = 67C9BFD62C1D11D40092CC78 /* TherapistHomeCVC.swift */; };
		67C9BFD92C1D12230092CC78 /* TherapistHomeTVC.swift in Sources */ = {isa = PBXBuildFile; fileRef = 67C9BFD82C1D12230092CC78 /* TherapistHomeTVC.swift */; };
		67D531352C1D3DA500404E66 /* PatientHomeVC.swift in Sources */ = {isa = PBXBuildFile; fileRef = 67D531342C1D3DA500404E66 /* PatientHomeVC.swift */; };
		67D531372C1D3DF500404E66 /* PatientHomeCVC.swift in Sources */ = {isa = PBXBuildFile; fileRef = 67D531362C1D3DF500404E66 /* PatientHomeCVC.swift */; };
		67E14CE52C2A05B900F540D7 /* CreateScheduleVC.swift in Sources */ = {isa = PBXBuildFile; fileRef = 67E14CE42C2A05B900F540D7 /* CreateScheduleVC.swift */; };
		67E14CE72C2A06B700F540D7 /* CreateScheduleCVC.swift in Sources */ = {isa = PBXBuildFile; fileRef = 67E14CE62C2A06B700F540D7 /* CreateScheduleCVC.swift */; };
		67E888002C24D52700948C5A /* PatientLoginViewModel.swift in Sources */ = {isa = PBXBuildFile; fileRef = 67E887FF2C24D52700948C5A /* PatientLoginViewModel.swift */; };
		67E888022C24F00900948C5A /* GoogleService-Info.plist in Resources */ = {isa = PBXBuildFile; fileRef = 67E888012C24F00800948C5A /* GoogleService-Info.plist */; };
		67E888042C24F02100948C5A /* FireBaseHelper.swift in Sources */ = {isa = PBXBuildFile; fileRef = 67E888032C24F02100948C5A /* FireBaseHelper.swift */; };
		67F3DE112C2CD00C00EF856F /* MessageViewModel.swift in Sources */ = {isa = PBXBuildFile; fileRef = 67F3DE102C2CD00C00EF856F /* MessageViewModel.swift */; };
		67F3DE132C2CE0A200EF856F /* SocketHelper.swift in Sources */ = {isa = PBXBuildFile; fileRef = 67F3DE122C2CE0A200EF856F /* SocketHelper.swift */; };
		67F3DE162C2CF11C00EF856F /* MessageModel.swift in Sources */ = {isa = PBXBuildFile; fileRef = 67F3DE152C2CF11C00EF856F /* MessageModel.swift */; };
		67F3DE192C2CFE0100EF856F /* ChatModel.swift in Sources */ = {isa = PBXBuildFile; fileRef = 67F3DE182C2CFE0100EF856F /* ChatModel.swift */; };
		67F3DE1C2C2CFE8900EF856F /* ChatViewModel.swift in Sources */ = {isa = PBXBuildFile; fileRef = 67F3DE1B2C2CFE8900EF856F /* ChatViewModel.swift */; };
		67FA759B2C29823C005DD241 /* TherapistCreateSchedule.storyboard in Resources */ = {isa = PBXBuildFile; fileRef = 67FA759A2C29823C005DD241 /* TherapistCreateSchedule.storyboard */; };
		E81033102C23AFA500F4FFDB /* TherapistPatientViewModel.swift in Sources */ = {isa = PBXBuildFile; fileRef = E810330F2C23AFA500F4FFDB /* TherapistPatientViewModel.swift */; };
		E81033122C23AFC000F4FFDB /* TherapistPatientModel.swift in Sources */ = {isa = PBXBuildFile; fileRef = E81033112C23AFC000F4FFDB /* TherapistPatientModel.swift */; };
		E81033162C23C94100F4FFDB /* TherapistPatientProfileModel.swift in Sources */ = {isa = PBXBuildFile; fileRef = E81033152C23C94100F4FFDB /* TherapistPatientProfileModel.swift */; };
		E81033182C23C95500F4FFDB /* TherapistPatientProfileViewModel.swift in Sources */ = {isa = PBXBuildFile; fileRef = E81033172C23C95500F4FFDB /* TherapistPatientProfileViewModel.swift */; };
		E8466EED2C25BB74001F36CC /* ScheduleTableTVC.swift in Sources */ = {isa = PBXBuildFile; fileRef = E8466EEC2C25BB74001F36CC /* ScheduleTableTVC.swift */; };
		E850C3312C1BD2910063C9A8 /* TherapistPatientInfoVC.swift in Sources */ = {isa = PBXBuildFile; fileRef = E850C3302C1BD2910063C9A8 /* TherapistPatientInfoVC.swift */; };
		E850C3332C1BD2D90063C9A8 /* TherapistPatientStep1VC.swift in Sources */ = {isa = PBXBuildFile; fileRef = E850C3322C1BD2D90063C9A8 /* TherapistPatientStep1VC.swift */; };
		E850C3352C1BD30E0063C9A8 /* TherapistPatientStep2VC.swift in Sources */ = {isa = PBXBuildFile; fileRef = E850C3342C1BD30E0063C9A8 /* TherapistPatientStep2VC.swift */; };
		E850C3372C1BD3320063C9A8 /* TherapistPatientStep3VC.swift in Sources */ = {isa = PBXBuildFile; fileRef = E850C3362C1BD3320063C9A8 /* TherapistPatientStep3VC.swift */; };
		E850C3392C1BD3680063C9A8 /* TherapistProfileVC.swift in Sources */ = {isa = PBXBuildFile; fileRef = E850C3382C1BD3680063C9A8 /* TherapistProfileVC.swift */; };
		E850C33C2C1BD3CB0063C9A8 /* TherapistProfileStep1VC.swift in Sources */ = {isa = PBXBuildFile; fileRef = E850C33B2C1BD3CB0063C9A8 /* TherapistProfileStep1VC.swift */; };
		E850C33E2C1BD3D20063C9A8 /* TherapistProfileStep2VC.swift in Sources */ = {isa = PBXBuildFile; fileRef = E850C33D2C1BD3D20063C9A8 /* TherapistProfileStep2VC.swift */; };
		E8673FE02C27F3FF00D639CF /* ImagePickerHelper.swift in Sources */ = {isa = PBXBuildFile; fileRef = E8673FDF2C27F3FF00D639CF /* ImagePickerHelper.swift */; };
		E885CAB22C17D6A7007BC7AC /* TherapistPatientProfileVC.swift in Sources */ = {isa = PBXBuildFile; fileRef = E885CAB12C17D6A7007BC7AC /* TherapistPatientProfileVC.swift */; };
		E88AFFBF2C1AEF3C006E1AFF /* TherapistProfile.storyboard in Resources */ = {isa = PBXBuildFile; fileRef = E88AFFBE2C1AEF3C006E1AFF /* TherapistProfile.storyboard */; };
		E89CB9AD2C17969900A8A305 /* NotificationTVC.swift in Sources */ = {isa = PBXBuildFile; fileRef = E89CB9AA2C17969900A8A305 /* NotificationTVC.swift */; };
		E89CB9AE2C17969900A8A305 /* TherapistNotificationVC.swift in Sources */ = {isa = PBXBuildFile; fileRef = E89CB9AB2C17969900A8A305 /* TherapistNotificationVC.swift */; };
		E89CB9B42C1796AB00A8A305 /* ChatScreenVC.swift in Sources */ = {isa = PBXBuildFile; fileRef = E89CB9AF2C1796AB00A8A305 /* ChatScreenVC.swift */; };
		E89CB9B52C1796AB00A8A305 /* ChatTVC.swift in Sources */ = {isa = PBXBuildFile; fileRef = E89CB9B02C1796AB00A8A305 /* ChatTVC.swift */; };
		E89CB9B62C1796AB00A8A305 /* demoTableCellCustomVC.swift in Sources */ = {isa = PBXBuildFile; fileRef = E89CB9B12C1796AB00A8A305 /* demoTableCellCustomVC.swift */; };
		E89CB9B72C1796AB00A8A305 /* demoTableCellCustomVC.xib in Resources */ = {isa = PBXBuildFile; fileRef = E89CB9B22C1796AB00A8A305 /* demoTableCellCustomVC.xib */; };
		E89CB9B92C17971600A8A305 /* TherapistNotification.storyboard in Resources */ = {isa = PBXBuildFile; fileRef = E89CB9B82C17971600A8A305 /* TherapistNotification.storyboard */; };
		E89CB9C12C17C3D700A8A305 /* TherapistPatientProfile.storyboard in Resources */ = {isa = PBXBuildFile; fileRef = E89CB9C02C17C3D700A8A305 /* TherapistPatientProfile.storyboard */; };
		E8A79AD52C0D4C8C00A2EB92 /* Message.storyboard in Resources */ = {isa = PBXBuildFile; fileRef = E8A79AD42C0D4C8C00A2EB92 /* Message.storyboard */; };
		E8A79AD82C0D4D0800A2EB92 /* MessageTabVC.swift in Sources */ = {isa = PBXBuildFile; fileRef = E8A79AD72C0D4D0800A2EB92 /* MessageTabVC.swift */; };
		E8C0FADD2C0D5A2E008E1CA7 /* MessageTVC.swift in Sources */ = {isa = PBXBuildFile; fileRef = E8C0FADB2C0D5A2E008E1CA7 /* MessageTVC.swift */; };
		E8C0FADE2C0D5A2E008E1CA7 /* MessageTVC.xib in Resources */ = {isa = PBXBuildFile; fileRef = E8C0FADC2C0D5A2E008E1CA7 /* MessageTVC.xib */; };
		E8C2579D2C280E2300FBE9CB /* TherapistPatientProfileStep3ViewModel.swift in Sources */ = {isa = PBXBuildFile; fileRef = E8C2579C2C280E2200FBE9CB /* TherapistPatientProfileStep3ViewModel.swift */; };
		E8C257A12C2887A100FBE9CB /* AWSHelper.swift in Sources */ = {isa = PBXBuildFile; fileRef = E8C257A02C2887A100FBE9CB /* AWSHelper.swift */; };
		E8C257A42C29534500FBE9CB /* TherapistProfileStep1ViewModel.swift in Sources */ = {isa = PBXBuildFile; fileRef = E8C257A32C29534500FBE9CB /* TherapistProfileStep1ViewModel.swift */; };
		E8C257A72C29548C00FBE9CB /* TherapistProfileModel.swift in Sources */ = {isa = PBXBuildFile; fileRef = E8C257A62C29548C00FBE9CB /* TherapistProfileModel.swift */; };
		F91D75AB2C1276AA00EE71E0 /* ExerciseTab.storyboard in Resources */ = {isa = PBXBuildFile; fileRef = F91D75AA2C1276AA00EE71E0 /* ExerciseTab.storyboard */; };
		F91D75B22C1277F900EE71E0 /* ExerciseGridCVC.xib in Resources */ = {isa = PBXBuildFile; fileRef = F91D75B12C1277F900EE71E0 /* ExerciseGridCVC.xib */; };
		F91D75B32C1277F900EE71E0 /* ExerciseGridCVC.swift in Sources */ = {isa = PBXBuildFile; fileRef = F91D75B02C1277F900EE71E0 /* ExerciseGridCVC.swift */; };
		F92488532C1BAFBE00426C8E /* SingleExerciseVC.swift in Sources */ = {isa = PBXBuildFile; fileRef = F92488522C1BAFBE00426C8E /* SingleExerciseVC.swift */; };
		F92488572C1BB51700426C8E /* ChipsCVC.xib in Resources */ = {isa = PBXBuildFile; fileRef = F92488562C1BB51700426C8E /* ChipsCVC.xib */; };
		F92488582C1BB51700426C8E /* ChipsCVC.swift in Sources */ = {isa = PBXBuildFile; fileRef = F92488552C1BB51700426C8E /* ChipsCVC.swift */; };
		F924885B2C1BB61300426C8E /* SingleExerciseDetailVC.swift in Sources */ = {isa = PBXBuildFile; fileRef = F924885A2C1BB61300426C8E /* SingleExerciseDetailVC.swift */; };
		F924885E2C1BCC3200426C8E /* AddNewExerciseVC.swift in Sources */ = {isa = PBXBuildFile; fileRef = F924885D2C1BCC3200426C8E /* AddNewExerciseVC.swift */; };
		F9458ADE2C25B900006C17D6 /* SingleExerciseModel.swift in Sources */ = {isa = PBXBuildFile; fileRef = F9458ADD2C25B900006C17D6 /* SingleExerciseModel.swift */; };
		F9458AE02C25B910006C17D6 /* ExerciseCategoryModel.swift in Sources */ = {isa = PBXBuildFile; fileRef = F9458ADF2C25B910006C17D6 /* ExerciseCategoryModel.swift */; };
		F95CD6D12C297A91007C055A /* AddNewExerciseViewModel.swift in Sources */ = {isa = PBXBuildFile; fileRef = F95CD6D02C297A91007C055A /* AddNewExerciseViewModel.swift */; };
		F979EC322C18DE760006100B /* ExerciseCategoryVC.swift in Sources */ = {isa = PBXBuildFile; fileRef = F979EC312C18DE760006100B /* ExerciseCategoryVC.swift */; };
		F9E1ABDB2C2519D600E5E13F /* ExerciseCategoryViewModel.swift in Sources */ = {isa = PBXBuildFile; fileRef = F9E1ABDA2C2519D600E5E13F /* ExerciseCategoryViewModel.swift */; };
		F9E1ABDD2C251A0F00E5E13F /* SingleExerciseViewModel.swift in Sources */ = {isa = PBXBuildFile; fileRef = F9E1ABDC2C251A0F00E5E13F /* SingleExerciseViewModel.swift */; };
/* End PBXBuildFile section */

/* Begin PBXFileReference section */
		505D71C97A5939DC41F99F48 /* Pods-PhysioSync.debug.xcconfig */ = {isa = PBXFileReference; includeInIndex = 1; lastKnownFileType = text.xcconfig; name = "Pods-PhysioSync.debug.xcconfig"; path = "Target Support Files/Pods-PhysioSync/Pods-PhysioSync.debug.xcconfig"; sourceTree = "<group>"; };
		644C11C617AB09AD38A62E4D /* Pods_PhysioSync.framework */ = {isa = PBXFileReference; explicitFileType = wrapper.framework; includeInIndex = 0; path = Pods_PhysioSync.framework; sourceTree = BUILT_PRODUCTS_DIR; };
		671FE59F2C33424C007BDE79 /* Predictor.swift */ = {isa = PBXFileReference; fileEncoding = 4; lastKnownFileType = sourcecode.swift; path = Predictor.swift; sourceTree = "<group>"; };
		671FE5A02C33424C007BDE79 /* VideoCapture.swift */ = {isa = PBXFileReference; fileEncoding = 4; lastKnownFileType = sourcecode.swift; path = VideoCapture.swift; sourceTree = "<group>"; };
		671FE5A52C334440007BDE79 /* ExerciseVC.swift */ = {isa = PBXFileReference; lastKnownFileType = sourcecode.swift; path = ExerciseVC.swift; sourceTree = "<group>"; };
		67320C8C2C168C0B003188AA /* TherapistTab.storyboard */ = {isa = PBXFileReference; lastKnownFileType = file.storyboard; path = TherapistTab.storyboard; sourceTree = "<group>"; };
		67320C8F2C168F79003188AA /* TherapistPatientVC.swift */ = {isa = PBXFileReference; lastKnownFileType = sourcecode.swift; path = TherapistPatientVC.swift; sourceTree = "<group>"; };
		67320C912C168F8B003188AA /* TherapistPatientListTVC.swift */ = {isa = PBXFileReference; lastKnownFileType = sourcecode.swift; path = TherapistPatientListTVC.swift; sourceTree = "<group>"; };
		674E53EC2C0940660033F260 /* WelcomeVC.swift */ = {isa = PBXFileReference; lastKnownFileType = sourcecode.swift; path = WelcomeVC.swift; sourceTree = "<group>"; };
		674E53EF2C0944230033F260 /* TherapistOnboardingVC.swift */ = {isa = PBXFileReference; lastKnownFileType = sourcecode.swift; path = TherapistOnboardingVC.swift; sourceTree = "<group>"; };
		674E53F12C0946760033F260 /* StoryBoardIDs.swift */ = {isa = PBXFileReference; lastKnownFileType = sourcecode.swift; path = StoryBoardIDs.swift; sourceTree = "<group>"; };
		674E53F62C0947F30033F260 /* TherapistOnboardingModel.swift */ = {isa = PBXFileReference; lastKnownFileType = sourcecode.swift; path = TherapistOnboardingModel.swift; sourceTree = "<group>"; };
		674E53F82C094EBA0033F260 /* TherapistWelcomeVC.swift */ = {isa = PBXFileReference; lastKnownFileType = sourcecode.swift; path = TherapistWelcomeVC.swift; sourceTree = "<group>"; };
		674E53FD2C0951ED0033F260 /* PatientLoginVC.swift */ = {isa = PBXFileReference; lastKnownFileType = sourcecode.swift; path = PatientLoginVC.swift; sourceTree = "<group>"; };
		674E53FF2C09584F0033F260 /* SetPasswordVC.swift */ = {isa = PBXFileReference; lastKnownFileType = sourcecode.swift; path = SetPasswordVC.swift; sourceTree = "<group>"; };
		676BEA542C0C404E00A193CF /* Outfit-Medium.ttf */ = {isa = PBXFileReference; lastKnownFileType = file; path = "Outfit-Medium.ttf"; sourceTree = "<group>"; };
		676BEA552C0C404E00A193CF /* Outfit-Bold.ttf */ = {isa = PBXFileReference; lastKnownFileType = file; path = "Outfit-Bold.ttf"; sourceTree = "<group>"; };
		676BEA562C0C404E00A193CF /* Outfit-Black.ttf */ = {isa = PBXFileReference; lastKnownFileType = file; path = "Outfit-Black.ttf"; sourceTree = "<group>"; };
		676BEA572C0C404E00A193CF /* Outfit-SemiBold.ttf */ = {isa = PBXFileReference; lastKnownFileType = file; path = "Outfit-SemiBold.ttf"; sourceTree = "<group>"; };
		676BEA582C0C404E00A193CF /* Outfit-ExtraLight.ttf */ = {isa = PBXFileReference; lastKnownFileType = file; path = "Outfit-ExtraLight.ttf"; sourceTree = "<group>"; };
		676BEA592C0C404E00A193CF /* Outfit-ExtraBold.ttf */ = {isa = PBXFileReference; lastKnownFileType = file; path = "Outfit-ExtraBold.ttf"; sourceTree = "<group>"; };
		676BEA5A2C0C404E00A193CF /* Outfit-Light.ttf */ = {isa = PBXFileReference; lastKnownFileType = file; path = "Outfit-Light.ttf"; sourceTree = "<group>"; };
		676BEA5B2C0C404E00A193CF /* Outfit-Regular.ttf */ = {isa = PBXFileReference; lastKnownFileType = file; path = "Outfit-Regular.ttf"; sourceTree = "<group>"; };
		676BEA5C2C0C404E00A193CF /* Outfit-Thin.ttf */ = {isa = PBXFileReference; lastKnownFileType = file; path = "Outfit-Thin.ttf"; sourceTree = "<group>"; };
		677481BD2C3F2FBA00E3A23F /* V_Logo_Animation.mp4 */ = {isa = PBXFileReference; lastKnownFileType = file; path = V_Logo_Animation.mp4; sourceTree = "<group>"; };
		67795B672C2A8AF600271E5C /* TherapistHomeModel.swift */ = {isa = PBXFileReference; lastKnownFileType = sourcecode.swift; path = TherapistHomeModel.swift; sourceTree = "<group>"; };
		67795B6A2C2A8B1500271E5C /* TherapistHomeViewModel.swift */ = {isa = PBXFileReference; lastKnownFileType = sourcecode.swift; path = TherapistHomeViewModel.swift; sourceTree = "<group>"; };
		677F5F022C15025F006792F2 /* PatientTab.storyboard */ = {isa = PBXFileReference; lastKnownFileType = file.storyboard; path = PatientTab.storyboard; sourceTree = "<group>"; };
		6784A1002C2E051C001650CB /* PatientHomeViewModel.swift */ = {isa = PBXFileReference; lastKnownFileType = sourcecode.swift; path = PatientHomeViewModel.swift; sourceTree = "<group>"; };
		6784A1032C2E1B08001650CB /* PatientHome.swift */ = {isa = PBXFileReference; lastKnownFileType = sourcecode.swift; path = PatientHome.swift; sourceTree = "<group>"; };
		678F33D42BFED67800824A23 /* PhysioSync.app */ = {isa = PBXFileReference; explicitFileType = wrapper.application; includeInIndex = 0; path = PhysioSync.app; sourceTree = BUILT_PRODUCTS_DIR; };
		678F33D72BFED67800824A23 /* AppDelegate.swift */ = {isa = PBXFileReference; lastKnownFileType = sourcecode.swift; path = AppDelegate.swift; sourceTree = "<group>"; };
		678F33D92BFED67800824A23 /* SceneDelegate.swift */ = {isa = PBXFileReference; lastKnownFileType = sourcecode.swift; path = SceneDelegate.swift; sourceTree = "<group>"; };
		678F33DE2BFED67800824A23 /* Base */ = {isa = PBXFileReference; lastKnownFileType = file.storyboard; name = Base; path = Base.lproj/Main.storyboard; sourceTree = "<group>"; };
		678F33E02BFED67A00824A23 /* Assets.xcassets */ = {isa = PBXFileReference; lastKnownFileType = folder.assetcatalog; path = Assets.xcassets; sourceTree = "<group>"; };
		678F33E32BFED67A00824A23 /* Base */ = {isa = PBXFileReference; lastKnownFileType = file.storyboard; name = Base; path = Base.lproj/LaunchScreen.storyboard; sourceTree = "<group>"; };
		678F33E52BFED67A00824A23 /* Info.plist */ = {isa = PBXFileReference; lastKnownFileType = text.plist.xml; path = Info.plist; sourceTree = "<group>"; };
		678F33FA2BFED93A00824A23 /* TherapistAuth.storyboard */ = {isa = PBXFileReference; lastKnownFileType = file.storyboard; path = TherapistAuth.storyboard; sourceTree = "<group>"; };
		678F33FC2BFED95000824A23 /* PatientAuth.storyboard */ = {isa = PBXFileReference; lastKnownFileType = file.storyboard; path = PatientAuth.storyboard; sourceTree = "<group>"; };
		678F33FF2BFED96F00824A23 /* TherapistOnboarding.storyboard */ = {isa = PBXFileReference; lastKnownFileType = file.storyboard; path = TherapistOnboarding.storyboard; sourceTree = "<group>"; };
		678F34012BFED97C00824A23 /* PatientOnboarding.storyboard */ = {isa = PBXFileReference; lastKnownFileType = file.storyboard; path = PatientOnboarding.storyboard; sourceTree = "<group>"; };
		678F34032BFEDACC00824A23 /* PatientOnboardingVC.swift */ = {isa = PBXFileReference; lastKnownFileType = sourcecode.swift; path = PatientOnboardingVC.swift; sourceTree = "<group>"; };
		678F34082BFEDB1E00824A23 /* TherapistLoginVC.swift */ = {isa = PBXFileReference; lastKnownFileType = sourcecode.swift; path = TherapistLoginVC.swift; sourceTree = "<group>"; };
		678F340C2BFEDB4400824A23 /* TherapistLoginViewModel.swift */ = {isa = PBXFileReference; lastKnownFileType = sourcecode.swift; path = TherapistLoginViewModel.swift; sourceTree = "<group>"; };
		678F340F2BFEDB7800824A23 /* TherapistLoginModel.swift */ = {isa = PBXFileReference; lastKnownFileType = sourcecode.swift; path = TherapistLoginModel.swift; sourceTree = "<group>"; };
		678F34112BFEDC0600824A23 /* Constants.swift */ = {isa = PBXFileReference; lastKnownFileType = sourcecode.swift; path = Constants.swift; sourceTree = "<group>"; };
		678F34132BFEDC1E00824A23 /* extensions.swift */ = {isa = PBXFileReference; fileEncoding = 4; lastKnownFileType = sourcecode.swift; path = extensions.swift; sourceTree = "<group>"; };
		678F34152BFEDC2700824A23 /* IBDesignables.swift */ = {isa = PBXFileReference; fileEncoding = 4; lastKnownFileType = sourcecode.swift; path = IBDesignables.swift; sourceTree = "<group>"; };
		678F34172BFEDC2E00824A23 /* Loader.swift */ = {isa = PBXFileReference; fileEncoding = 4; lastKnownFileType = sourcecode.swift; path = Loader.swift; sourceTree = "<group>"; };
		678F34192BFEDC3700824A23 /* NetworkingClass.swift */ = {isa = PBXFileReference; fileEncoding = 4; lastKnownFileType = sourcecode.swift; path = NetworkingClass.swift; sourceTree = "<group>"; };
		678F341A2BFEDC3700824A23 /* NetworkConnectivity.swift */ = {isa = PBXFileReference; fileEncoding = 4; lastKnownFileType = sourcecode.swift; path = NetworkConnectivity.swift; sourceTree = "<group>"; };
		678F341D2BFEDC4300824A23 /* SlideTranisitionAnimator.swift */ = {isa = PBXFileReference; fileEncoding = 4; lastKnownFileType = sourcecode.swift; path = SlideTranisitionAnimator.swift; sourceTree = "<group>"; };
		6794C7A52C25BB7200E3B4F3 /* PatientLoginModel.swift */ = {isa = PBXFileReference; lastKnownFileType = sourcecode.swift; path = PatientLoginModel.swift; sourceTree = "<group>"; };
		6794C7A72C25C3EA00E3B4F3 /* SetPasswordModel.swift */ = {isa = PBXFileReference; lastKnownFileType = sourcecode.swift; path = SetPasswordModel.swift; sourceTree = "<group>"; };
		6794C7A92C25C3F500E3B4F3 /* SetPasswordViewModel.swift */ = {isa = PBXFileReference; lastKnownFileType = sourcecode.swift; path = SetPasswordViewModel.swift; sourceTree = "<group>"; };
		6794C7AB2C26810900E3B4F3 /* AppleHealthDataManager.swift */ = {isa = PBXFileReference; lastKnownFileType = sourcecode.swift; path = AppleHealthDataManager.swift; sourceTree = "<group>"; };
		6794C7AE2C26840A00E3B4F3 /* CalorieChartView.swift */ = {isa = PBXFileReference; fileEncoding = 4; lastKnownFileType = sourcecode.swift; path = CalorieChartView.swift; sourceTree = "<group>"; };
		6794C7AF2C26840A00E3B4F3 /* SleepGraphView.swift */ = {isa = PBXFileReference; fileEncoding = 4; lastKnownFileType = sourcecode.swift; path = SleepGraphView.swift; sourceTree = "<group>"; };
		6794C7B02C26840B00E3B4F3 /* StepsChartView.swift */ = {isa = PBXFileReference; fileEncoding = 4; lastKnownFileType = sourcecode.swift; path = StepsChartView.swift; sourceTree = "<group>"; };
		6794C7B12C26840B00E3B4F3 /* HeartRateGraphView.swift */ = {isa = PBXFileReference; fileEncoding = 4; lastKnownFileType = sourcecode.swift; path = HeartRateGraphView.swift; sourceTree = "<group>"; };
		6794C7B22C26840B00E3B4F3 /* ContentView.swift */ = {isa = PBXFileReference; fileEncoding = 4; lastKnownFileType = sourcecode.swift; path = ContentView.swift; sourceTree = "<group>"; };
		6794C7B92C26849400E3B4F3 /* PatientStatsVC.swift */ = {isa = PBXFileReference; lastKnownFileType = sourcecode.swift; path = PatientStatsVC.swift; sourceTree = "<group>"; };
		6794C7BB2C2686DC00E3B4F3 /* PhysioSync.entitlements */ = {isa = PBXFileReference; lastKnownFileType = text.plist.entitlements; path = PhysioSync.entitlements; sourceTree = "<group>"; };
		6794C7BC2C268A2E00E3B4F3 /* StatsTabVC.swift */ = {isa = PBXFileReference; lastKnownFileType = sourcecode.swift; path = StatsTabVC.swift; sourceTree = "<group>"; };
		679512732C3DC45900C01BDA /* neckRotation.mlmodel */ = {isa = PBXFileReference; lastKnownFileType = file.mlmodel; path = neckRotation.mlmodel; sourceTree = "<group>"; };
		679512762C3E6A7500C01BDA /* ExerciseViewModel.swift */ = {isa = PBXFileReference; lastKnownFileType = sourcecode.swift; path = ExerciseViewModel.swift; sourceTree = "<group>"; };
		67B161632C138E540028E3C3 /* PatientExerciseTab.storyboard */ = {isa = PBXFileReference; lastKnownFileType = file.storyboard; path = PatientExerciseTab.storyboard; sourceTree = "<group>"; };
		67B161662C138E7A0028E3C3 /* PatientExerciseTabVC.swift */ = {isa = PBXFileReference; lastKnownFileType = sourcecode.swift; path = PatientExerciseTabVC.swift; sourceTree = "<group>"; };
		67B161682C13F1490028E3C3 /* PatientExerciseTabTVC.swift */ = {isa = PBXFileReference; lastKnownFileType = sourcecode.swift; path = PatientExerciseTabTVC.swift; sourceTree = "<group>"; };
		67B1616B2C14179B0028E3C3 /* PatientExerciseDetailVC.swift */ = {isa = PBXFileReference; lastKnownFileType = sourcecode.swift; path = PatientExerciseDetailVC.swift; sourceTree = "<group>"; };
		67B1616D2C141A740028E3C3 /* VideoPlayer.swift */ = {isa = PBXFileReference; lastKnownFileType = sourcecode.swift; path = VideoPlayer.swift; sourceTree = "<group>"; };
		67C6BDDB2C36715800D86922 /* left_right_srg.mlmodel */ = {isa = PBXFileReference; lastKnownFileType = file.mlmodel; path = left_right_srg.mlmodel; sourceTree = "<group>"; };
		67C7FD012C1BD7FC00476601 /* CustomHeader.swift */ = {isa = PBXFileReference; lastKnownFileType = sourcecode.swift; path = CustomHeader.swift; sourceTree = "<group>"; };
		67C7FD072C1BE16100476601 /* ProfileGridCVC.swift */ = {isa = PBXFileReference; lastKnownFileType = sourcecode.swift; path = ProfileGridCVC.swift; sourceTree = "<group>"; };
		67C7FD082C1BE16100476601 /* ProfileGridCVC.xib */ = {isa = PBXFileReference; lastKnownFileType = file.xib; path = ProfileGridCVC.xib; sourceTree = "<group>"; };
		67C93E662C2A2A1F00ADEE4E /* CreateScheduleViewModel.swift */ = {isa = PBXFileReference; lastKnownFileType = sourcecode.swift; path = CreateScheduleViewModel.swift; sourceTree = "<group>"; };
		67C9BFD42C1D0E580092CC78 /* TherapistHomeVC.swift */ = {isa = PBXFileReference; lastKnownFileType = sourcecode.swift; path = TherapistHomeVC.swift; sourceTree = "<group>"; };
		67C9BFD62C1D11D40092CC78 /* TherapistHomeCVC.swift */ = {isa = PBXFileReference; lastKnownFileType = sourcecode.swift; path = TherapistHomeCVC.swift; sourceTree = "<group>"; };
		67C9BFD82C1D12230092CC78 /* TherapistHomeTVC.swift */ = {isa = PBXFileReference; lastKnownFileType = sourcecode.swift; path = TherapistHomeTVC.swift; sourceTree = "<group>"; };
		67D531342C1D3DA500404E66 /* PatientHomeVC.swift */ = {isa = PBXFileReference; lastKnownFileType = sourcecode.swift; path = PatientHomeVC.swift; sourceTree = "<group>"; };
		67D531362C1D3DF500404E66 /* PatientHomeCVC.swift */ = {isa = PBXFileReference; lastKnownFileType = sourcecode.swift; path = PatientHomeCVC.swift; sourceTree = "<group>"; };
		67E14CE42C2A05B900F540D7 /* CreateScheduleVC.swift */ = {isa = PBXFileReference; lastKnownFileType = sourcecode.swift; path = CreateScheduleVC.swift; sourceTree = "<group>"; };
		67E14CE62C2A06B700F540D7 /* CreateScheduleCVC.swift */ = {isa = PBXFileReference; lastKnownFileType = sourcecode.swift; path = CreateScheduleCVC.swift; sourceTree = "<group>"; };
		67E887FF2C24D52700948C5A /* PatientLoginViewModel.swift */ = {isa = PBXFileReference; lastKnownFileType = sourcecode.swift; path = PatientLoginViewModel.swift; sourceTree = "<group>"; };
		67E888012C24F00800948C5A /* GoogleService-Info.plist */ = {isa = PBXFileReference; fileEncoding = 4; lastKnownFileType = text.plist.xml; path = "GoogleService-Info.plist"; sourceTree = "<group>"; };
		67E888032C24F02100948C5A /* FireBaseHelper.swift */ = {isa = PBXFileReference; lastKnownFileType = sourcecode.swift; path = FireBaseHelper.swift; sourceTree = "<group>"; };
		67F3DE102C2CD00C00EF856F /* MessageViewModel.swift */ = {isa = PBXFileReference; lastKnownFileType = sourcecode.swift; path = MessageViewModel.swift; sourceTree = "<group>"; };
		67F3DE122C2CE0A200EF856F /* SocketHelper.swift */ = {isa = PBXFileReference; lastKnownFileType = sourcecode.swift; path = SocketHelper.swift; sourceTree = "<group>"; };
		67F3DE152C2CF11C00EF856F /* MessageModel.swift */ = {isa = PBXFileReference; lastKnownFileType = sourcecode.swift; path = MessageModel.swift; sourceTree = "<group>"; };
		67F3DE182C2CFE0100EF856F /* ChatModel.swift */ = {isa = PBXFileReference; lastKnownFileType = sourcecode.swift; path = ChatModel.swift; sourceTree = "<group>"; };
		67F3DE1B2C2CFE8900EF856F /* ChatViewModel.swift */ = {isa = PBXFileReference; lastKnownFileType = sourcecode.swift; path = ChatViewModel.swift; sourceTree = "<group>"; };
		67FA759A2C29823C005DD241 /* TherapistCreateSchedule.storyboard */ = {isa = PBXFileReference; lastKnownFileType = file.storyboard; path = TherapistCreateSchedule.storyboard; sourceTree = "<group>"; };
		E810330F2C23AFA500F4FFDB /* TherapistPatientViewModel.swift */ = {isa = PBXFileReference; lastKnownFileType = sourcecode.swift; path = TherapistPatientViewModel.swift; sourceTree = "<group>"; };
		E81033112C23AFC000F4FFDB /* TherapistPatientModel.swift */ = {isa = PBXFileReference; lastKnownFileType = sourcecode.swift; path = TherapistPatientModel.swift; sourceTree = "<group>"; };
		E81033152C23C94100F4FFDB /* TherapistPatientProfileModel.swift */ = {isa = PBXFileReference; lastKnownFileType = sourcecode.swift; path = TherapistPatientProfileModel.swift; sourceTree = "<group>"; };
		E81033172C23C95500F4FFDB /* TherapistPatientProfileViewModel.swift */ = {isa = PBXFileReference; lastKnownFileType = sourcecode.swift; path = TherapistPatientProfileViewModel.swift; sourceTree = "<group>"; };
		E8466EEC2C25BB74001F36CC /* ScheduleTableTVC.swift */ = {isa = PBXFileReference; lastKnownFileType = sourcecode.swift; path = ScheduleTableTVC.swift; sourceTree = "<group>"; };
		E850C3302C1BD2910063C9A8 /* TherapistPatientInfoVC.swift */ = {isa = PBXFileReference; lastKnownFileType = sourcecode.swift; path = TherapistPatientInfoVC.swift; sourceTree = "<group>"; };
		E850C3322C1BD2D90063C9A8 /* TherapistPatientStep1VC.swift */ = {isa = PBXFileReference; lastKnownFileType = sourcecode.swift; path = TherapistPatientStep1VC.swift; sourceTree = "<group>"; };
		E850C3342C1BD30E0063C9A8 /* TherapistPatientStep2VC.swift */ = {isa = PBXFileReference; lastKnownFileType = sourcecode.swift; path = TherapistPatientStep2VC.swift; sourceTree = "<group>"; };
		E850C3362C1BD3320063C9A8 /* TherapistPatientStep3VC.swift */ = {isa = PBXFileReference; lastKnownFileType = sourcecode.swift; path = TherapistPatientStep3VC.swift; sourceTree = "<group>"; };
		E850C3382C1BD3680063C9A8 /* TherapistProfileVC.swift */ = {isa = PBXFileReference; lastKnownFileType = sourcecode.swift; path = TherapistProfileVC.swift; sourceTree = "<group>"; };
		E850C33B2C1BD3CB0063C9A8 /* TherapistProfileStep1VC.swift */ = {isa = PBXFileReference; lastKnownFileType = sourcecode.swift; path = TherapistProfileStep1VC.swift; sourceTree = "<group>"; };
		E850C33D2C1BD3D20063C9A8 /* TherapistProfileStep2VC.swift */ = {isa = PBXFileReference; lastKnownFileType = sourcecode.swift; path = TherapistProfileStep2VC.swift; sourceTree = "<group>"; };
		E8673FDF2C27F3FF00D639CF /* ImagePickerHelper.swift */ = {isa = PBXFileReference; lastKnownFileType = sourcecode.swift; path = ImagePickerHelper.swift; sourceTree = "<group>"; };
		E885CAB12C17D6A7007BC7AC /* TherapistPatientProfileVC.swift */ = {isa = PBXFileReference; lastKnownFileType = sourcecode.swift; path = TherapistPatientProfileVC.swift; sourceTree = "<group>"; };
		E88AFFBE2C1AEF3C006E1AFF /* TherapistProfile.storyboard */ = {isa = PBXFileReference; lastKnownFileType = file.storyboard; path = TherapistProfile.storyboard; sourceTree = "<group>"; };
		E89CB9AA2C17969900A8A305 /* NotificationTVC.swift */ = {isa = PBXFileReference; fileEncoding = 4; lastKnownFileType = sourcecode.swift; path = NotificationTVC.swift; sourceTree = "<group>"; };
		E89CB9AB2C17969900A8A305 /* TherapistNotificationVC.swift */ = {isa = PBXFileReference; fileEncoding = 4; lastKnownFileType = sourcecode.swift; path = TherapistNotificationVC.swift; sourceTree = "<group>"; };
		E89CB9AF2C1796AB00A8A305 /* ChatScreenVC.swift */ = {isa = PBXFileReference; fileEncoding = 4; lastKnownFileType = sourcecode.swift; path = ChatScreenVC.swift; sourceTree = "<group>"; };
		E89CB9B02C1796AB00A8A305 /* ChatTVC.swift */ = {isa = PBXFileReference; fileEncoding = 4; lastKnownFileType = sourcecode.swift; path = ChatTVC.swift; sourceTree = "<group>"; };
		E89CB9B12C1796AB00A8A305 /* demoTableCellCustomVC.swift */ = {isa = PBXFileReference; fileEncoding = 4; lastKnownFileType = sourcecode.swift; path = demoTableCellCustomVC.swift; sourceTree = "<group>"; };
		E89CB9B22C1796AB00A8A305 /* demoTableCellCustomVC.xib */ = {isa = PBXFileReference; fileEncoding = 4; lastKnownFileType = file.xib; path = demoTableCellCustomVC.xib; sourceTree = "<group>"; };
		E89CB9B82C17971600A8A305 /* TherapistNotification.storyboard */ = {isa = PBXFileReference; fileEncoding = 4; lastKnownFileType = file.storyboard; path = TherapistNotification.storyboard; sourceTree = "<group>"; };
		E89CB9C02C17C3D700A8A305 /* TherapistPatientProfile.storyboard */ = {isa = PBXFileReference; lastKnownFileType = file.storyboard; path = TherapistPatientProfile.storyboard; sourceTree = "<group>"; };
		E8A79AD42C0D4C8C00A2EB92 /* Message.storyboard */ = {isa = PBXFileReference; lastKnownFileType = file.storyboard; path = Message.storyboard; sourceTree = "<group>"; };
		E8A79AD72C0D4D0800A2EB92 /* MessageTabVC.swift */ = {isa = PBXFileReference; lastKnownFileType = sourcecode.swift; path = MessageTabVC.swift; sourceTree = "<group>"; };
		E8C0FADB2C0D5A2E008E1CA7 /* MessageTVC.swift */ = {isa = PBXFileReference; lastKnownFileType = sourcecode.swift; path = MessageTVC.swift; sourceTree = "<group>"; };
		E8C0FADC2C0D5A2E008E1CA7 /* MessageTVC.xib */ = {isa = PBXFileReference; lastKnownFileType = file.xib; path = MessageTVC.xib; sourceTree = "<group>"; };
		E8C2579C2C280E2200FBE9CB /* TherapistPatientProfileStep3ViewModel.swift */ = {isa = PBXFileReference; lastKnownFileType = sourcecode.swift; path = TherapistPatientProfileStep3ViewModel.swift; sourceTree = "<group>"; };
		E8C257A02C2887A100FBE9CB /* AWSHelper.swift */ = {isa = PBXFileReference; lastKnownFileType = sourcecode.swift; path = AWSHelper.swift; sourceTree = "<group>"; };
		E8C257A32C29534500FBE9CB /* TherapistProfileStep1ViewModel.swift */ = {isa = PBXFileReference; lastKnownFileType = sourcecode.swift; path = TherapistProfileStep1ViewModel.swift; sourceTree = "<group>"; };
		E8C257A62C29548C00FBE9CB /* TherapistProfileModel.swift */ = {isa = PBXFileReference; lastKnownFileType = sourcecode.swift; path = TherapistProfileModel.swift; sourceTree = "<group>"; };
		F91D75AA2C1276AA00EE71E0 /* ExerciseTab.storyboard */ = {isa = PBXFileReference; lastKnownFileType = file.storyboard; path = ExerciseTab.storyboard; sourceTree = "<group>"; };
		F91D75B02C1277F900EE71E0 /* ExerciseGridCVC.swift */ = {isa = PBXFileReference; lastKnownFileType = sourcecode.swift; path = ExerciseGridCVC.swift; sourceTree = "<group>"; };
		F91D75B12C1277F900EE71E0 /* ExerciseGridCVC.xib */ = {isa = PBXFileReference; lastKnownFileType = file.xib; path = ExerciseGridCVC.xib; sourceTree = "<group>"; };
		F92488522C1BAFBE00426C8E /* SingleExerciseVC.swift */ = {isa = PBXFileReference; lastKnownFileType = sourcecode.swift; path = SingleExerciseVC.swift; sourceTree = "<group>"; };
		F92488552C1BB51700426C8E /* ChipsCVC.swift */ = {isa = PBXFileReference; lastKnownFileType = sourcecode.swift; path = ChipsCVC.swift; sourceTree = "<group>"; };
		F92488562C1BB51700426C8E /* ChipsCVC.xib */ = {isa = PBXFileReference; lastKnownFileType = file.xib; path = ChipsCVC.xib; sourceTree = "<group>"; };
		F924885A2C1BB61300426C8E /* SingleExerciseDetailVC.swift */ = {isa = PBXFileReference; lastKnownFileType = sourcecode.swift; path = SingleExerciseDetailVC.swift; sourceTree = "<group>"; };
		F924885D2C1BCC3200426C8E /* AddNewExerciseVC.swift */ = {isa = PBXFileReference; lastKnownFileType = sourcecode.swift; path = AddNewExerciseVC.swift; sourceTree = "<group>"; };
		F9458ADD2C25B900006C17D6 /* SingleExerciseModel.swift */ = {isa = PBXFileReference; fileEncoding = 4; lastKnownFileType = sourcecode.swift; path = SingleExerciseModel.swift; sourceTree = "<group>"; };
		F9458ADF2C25B910006C17D6 /* ExerciseCategoryModel.swift */ = {isa = PBXFileReference; fileEncoding = 4; lastKnownFileType = sourcecode.swift; path = ExerciseCategoryModel.swift; sourceTree = "<group>"; };
		F95CD6D02C297A91007C055A /* AddNewExerciseViewModel.swift */ = {isa = PBXFileReference; lastKnownFileType = sourcecode.swift; path = AddNewExerciseViewModel.swift; sourceTree = "<group>"; };
		F979EC312C18DE760006100B /* ExerciseCategoryVC.swift */ = {isa = PBXFileReference; fileEncoding = 4; lastKnownFileType = sourcecode.swift; path = ExerciseCategoryVC.swift; sourceTree = "<group>"; };
		F9E1ABDA2C2519D600E5E13F /* ExerciseCategoryViewModel.swift */ = {isa = PBXFileReference; fileEncoding = 4; lastKnownFileType = sourcecode.swift; path = ExerciseCategoryViewModel.swift; sourceTree = "<group>"; };
		F9E1ABDC2C251A0F00E5E13F /* SingleExerciseViewModel.swift */ = {isa = PBXFileReference; fileEncoding = 4; lastKnownFileType = sourcecode.swift; path = SingleExerciseViewModel.swift; sourceTree = "<group>"; };
		FC5D250C3D17413BF6991B2B /* Pods-PhysioSync.release.xcconfig */ = {isa = PBXFileReference; includeInIndex = 1; lastKnownFileType = text.xcconfig; name = "Pods-PhysioSync.release.xcconfig"; path = "Target Support Files/Pods-PhysioSync/Pods-PhysioSync.release.xcconfig"; sourceTree = "<group>"; };
/* End PBXFileReference section */

/* Begin PBXFrameworksBuildPhase section */
		678F33D12BFED67800824A23 /* Frameworks */ = {
			isa = PBXFrameworksBuildPhase;
			buildActionMask = 2147483647;
			files = (
				3C4A096E17D58210E8E70B30 /* Pods_PhysioSync.framework in Frameworks */,
			);
			runOnlyForDeploymentPostprocessing = 0;
		};
/* End PBXFrameworksBuildPhase section */

/* Begin PBXGroup section */
		671FE59E2C3341E5007BDE79 /* Exercise */ = {
			isa = PBXGroup;
			children = (
				679512732C3DC45900C01BDA /* neckRotation.mlmodel */,
				67C6BDDB2C36715800D86922 /* left_right_srg.mlmodel */,
				671FE59F2C33424C007BDE79 /* Predictor.swift */,
				671FE5A02C33424C007BDE79 /* VideoCapture.swift */,
				671FE5A52C334440007BDE79 /* ExerciseVC.swift */,
			);
			path = Exercise;
			sourceTree = "<group>";
		};
		67320C8E2C168F61003188AA /* TherapistPatient */ = {
			isa = PBXGroup;
			children = (
				67320C8F2C168F79003188AA /* TherapistPatientVC.swift */,
				67320C912C168F8B003188AA /* TherapistPatientListTVC.swift */,
			);
			path = TherapistPatient;
			sourceTree = "<group>";
		};
		674E53EB2C0940550033F260 /* Welcome */ = {
			isa = PBXGroup;
			children = (
				674E53EC2C0940660033F260 /* WelcomeVC.swift */,
			);
			path = Welcome;
			sourceTree = "<group>";
		};
		674E53EE2C09440A0033F260 /* TherapistOnboarding */ = {
			isa = PBXGroup;
			children = (
				674E53EF2C0944230033F260 /* TherapistOnboardingVC.swift */,
				674E53F82C094EBA0033F260 /* TherapistWelcomeVC.swift */,
			);
			path = TherapistOnboarding;
			sourceTree = "<group>";
		};
		674E53F32C0947B60033F260 /* TherapistOnboarding */ = {
			isa = PBXGroup;
			children = (
				674E53F62C0947F30033F260 /* TherapistOnboardingModel.swift */,
			);
			path = TherapistOnboarding;
			sourceTree = "<group>";
		};
		674E53FA2C0950F30033F260 /* PatientAuth */ = {
			isa = PBXGroup;
			children = (
				674E53FD2C0951ED0033F260 /* PatientLoginVC.swift */,
				674E53FF2C09584F0033F260 /* SetPasswordVC.swift */,
			);
			path = PatientAuth;
			sourceTree = "<group>";
		};
		67795B662C2A8AD800271E5C /* TherapistHome */ = {
			isa = PBXGroup;
			children = (
				67795B672C2A8AF600271E5C /* TherapistHomeModel.swift */,
			);
			path = TherapistHome;
			sourceTree = "<group>";
		};
		67795B692C2A8B0500271E5C /* TherapistHome */ = {
			isa = PBXGroup;
			children = (
				67795B6A2C2A8B1500271E5C /* TherapistHomeViewModel.swift */,
			);
			path = TherapistHome;
			sourceTree = "<group>";
		};
		6784A0FF2C2E050B001650CB /* PatientHome */ = {
			isa = PBXGroup;
			children = (
				6784A1002C2E051C001650CB /* PatientHomeViewModel.swift */,
			);
			path = PatientHome;
			sourceTree = "<group>";
		};
		6784A1022C2E1AFB001650CB /* PatientHome */ = {
			isa = PBXGroup;
			children = (
				6784A1032C2E1B08001650CB /* PatientHome.swift */,
			);
			path = PatientHome;
			sourceTree = "<group>";
		};
		678F33CB2BFED67800824A23 = {
			isa = PBXGroup;
			children = (
				678F33D62BFED67800824A23 /* PhysioSync */,
				678F33D52BFED67800824A23 /* Products */,
				78C8844A1FFAE5CA50F47C66 /* Pods */,
				CF09D576FE54B3693FB61E79 /* Frameworks */,
			);
			sourceTree = "<group>";
		};
		678F33D52BFED67800824A23 /* Products */ = {
			isa = PBXGroup;
			children = (
				678F33D42BFED67800824A23 /* PhysioSync.app */,
			);
			name = Products;
			sourceTree = "<group>";
		};
		678F33D62BFED67800824A23 /* PhysioSync */ = {
			isa = PBXGroup;
			children = (
				6794C7BB2C2686DC00E3B4F3 /* PhysioSync.entitlements */,
				67E888012C24F00800948C5A /* GoogleService-Info.plist */,
				677481BD2C3F2FBA00E3A23F /* V_Logo_Animation.mp4 */,
				678F33EB2BFED68400824A23 /* AppDelegates */,
				678F33F12BFED88D00824A23 /* HelperClasses */,
				678F33F22BFED8A400824A23 /* Fonts */,
				678F33EC2BFED6C900824A23 /* MVVM */,
				E8C0FADA2C0D5A09008E1CA7 /* Xibs */,
				678F33F02BFED87A00824A23 /* StoryBoards */,
				678F33E02BFED67A00824A23 /* Assets.xcassets */,
				678F33E52BFED67A00824A23 /* Info.plist */,
			);
			path = PhysioSync;
			sourceTree = "<group>";
		};
		678F33EB2BFED68400824A23 /* AppDelegates */ = {
			isa = PBXGroup;
			children = (
				678F33D72BFED67800824A23 /* AppDelegate.swift */,
				678F33D92BFED67800824A23 /* SceneDelegate.swift */,
			);
			path = AppDelegates;
			sourceTree = "<group>";
		};
		678F33EC2BFED6C900824A23 /* MVVM */ = {
			isa = PBXGroup;
			children = (
				E8A79AD62C0D4CCF00A2EB92 /* MessageTab */,
				674E53EB2C0940550033F260 /* Welcome */,
				678F33F62BFED8EE00824A23 /* Therapist */,
				678F33F52BFED8E900824A23 /* Patient */,
			);
			path = MVVM;
			sourceTree = "<group>";
		};
		678F33ED2BFED6D200824A23 /* Model */ = {
			isa = PBXGroup;
			children = (
				6784A1022C2E1AFB001650CB /* PatientHome */,
				6794C7A42C25BB5700E3B4F3 /* PatientAuth */,
			);
			path = Model;
			sourceTree = "<group>";
		};
		678F33EE2BFED6DC00824A23 /* ViewModel */ = {
			isa = PBXGroup;
			children = (
				679512752C3E6A5F00C01BDA /* Exercise */,
				6784A0FF2C2E050B001650CB /* PatientHome */,
				67E887FE2C24D51100948C5A /* PatientAuth */,
			);
			path = ViewModel;
			sourceTree = "<group>";
		};
		678F33EF2BFED6E300824A23 /* View */ = {
			isa = PBXGroup;
			children = (
				6794C7AD2C2683E600E3B4F3 /* PatientStatsView */,
				67D531332C1D3D9300404E66 /* PatientHome */,
				67B161652C138E620028E3C3 /* PatientExerciseTab */,
				674E53FA2C0950F30033F260 /* PatientAuth */,
				678F34052BFEDAD800824A23 /* PatientOnboarding */,
			);
			path = View;
			sourceTree = "<group>";
		};
		678F33F02BFED87A00824A23 /* StoryBoards */ = {
			isa = PBXGroup;
			children = (
				F91D75A92C12766700EE71E0 /* ExerciseTab */,
				E8A79AD32C0D4C5D00A2EB92 /* MessageTab */,
				678F33F42BFED8E100824A23 /* Therapist */,
				678F33F32BFED8D900824A23 /* Patient */,
				678F33DD2BFED67800824A23 /* Main.storyboard */,
				678F33E22BFED67A00824A23 /* LaunchScreen.storyboard */,
			);
			path = StoryBoards;
			sourceTree = "<group>";
		};
		678F33F12BFED88D00824A23 /* HelperClasses */ = {
			isa = PBXGroup;
			children = (
				678F34112BFEDC0600824A23 /* Constants.swift */,
				678F34132BFEDC1E00824A23 /* extensions.swift */,
				678F34152BFEDC2700824A23 /* IBDesignables.swift */,
				678F34172BFEDC2E00824A23 /* Loader.swift */,
				678F341A2BFEDC3700824A23 /* NetworkConnectivity.swift */,
				678F34192BFEDC3700824A23 /* NetworkingClass.swift */,
				678F341D2BFEDC4300824A23 /* SlideTranisitionAnimator.swift */,
				674E53F12C0946760033F260 /* StoryBoardIDs.swift */,
				67B1616D2C141A740028E3C3 /* VideoPlayer.swift */,
				67C7FD012C1BD7FC00476601 /* CustomHeader.swift */,
				67E888032C24F02100948C5A /* FireBaseHelper.swift */,
				6794C7AB2C26810900E3B4F3 /* AppleHealthDataManager.swift */,
				E8673FDF2C27F3FF00D639CF /* ImagePickerHelper.swift */,
				E8C257A02C2887A100FBE9CB /* AWSHelper.swift */,
				67F3DE122C2CE0A200EF856F /* SocketHelper.swift */,
			);
			path = HelperClasses;
			sourceTree = "<group>";
		};
		678F33F22BFED8A400824A23 /* Fonts */ = {
			isa = PBXGroup;
			children = (
				676BEA562C0C404E00A193CF /* Outfit-Black.ttf */,
				676BEA552C0C404E00A193CF /* Outfit-Bold.ttf */,
				676BEA592C0C404E00A193CF /* Outfit-ExtraBold.ttf */,
				676BEA582C0C404E00A193CF /* Outfit-ExtraLight.ttf */,
				676BEA5A2C0C404E00A193CF /* Outfit-Light.ttf */,
				676BEA542C0C404E00A193CF /* Outfit-Medium.ttf */,
				676BEA5B2C0C404E00A193CF /* Outfit-Regular.ttf */,
				676BEA572C0C404E00A193CF /* Outfit-SemiBold.ttf */,
				676BEA5C2C0C404E00A193CF /* Outfit-Thin.ttf */,
			);
			path = Fonts;
			sourceTree = "<group>";
		};
		678F33F32BFED8D900824A23 /* Patient */ = {
			isa = PBXGroup;
			children = (
				678F34012BFED97C00824A23 /* PatientOnboarding.storyboard */,
				67B161632C138E540028E3C3 /* PatientExerciseTab.storyboard */,
				678F33FC2BFED95000824A23 /* PatientAuth.storyboard */,
				677F5F022C15025F006792F2 /* PatientTab.storyboard */,
			);
			path = Patient;
			sourceTree = "<group>";
		};
		678F33F42BFED8E100824A23 /* Therapist */ = {
			isa = PBXGroup;
			children = (
				E89CB9B82C17971600A8A305 /* TherapistNotification.storyboard */,
				678F33FF2BFED96F00824A23 /* TherapistOnboarding.storyboard */,
				678F33FA2BFED93A00824A23 /* TherapistAuth.storyboard */,
				67320C8C2C168C0B003188AA /* TherapistTab.storyboard */,
				E89CB9C02C17C3D700A8A305 /* TherapistPatientProfile.storyboard */,
				E88AFFBE2C1AEF3C006E1AFF /* TherapistProfile.storyboard */,
				67FA759A2C29823C005DD241 /* TherapistCreateSchedule.storyboard */,
			);
			path = Therapist;
			sourceTree = "<group>";
		};
		678F33F52BFED8E900824A23 /* Patient */ = {
			isa = PBXGroup;
			children = (
				678F33ED2BFED6D200824A23 /* Model */,
				678F33EF2BFED6E300824A23 /* View */,
				678F33EE2BFED6DC00824A23 /* ViewModel */,
			);
			path = Patient;
			sourceTree = "<group>";
		};
		678F33F62BFED8EE00824A23 /* Therapist */ = {
			isa = PBXGroup;
			children = (
				678F33F82BFED90600824A23 /* Model */,
				678F33F92BFED90B00824A23 /* View */,
				678F33F72BFED90000824A23 /* ViewModel */,
			);
			path = Therapist;
			sourceTree = "<group>";
		};
		678F33F72BFED90000824A23 /* ViewModel */ = {
			isa = PBXGroup;
			children = (
				67795B692C2A8B0500271E5C /* TherapistHome */,
				F95CD6CF2C297A7F007C055A /* AddNewExercise */,
				E8C257A22C29532F00FBE9CB /* TherapistProfile */,
				F9E1ABCC2C24ED1B00E5E13F /* Exercise */,
				E81033132C23C86300F4FFDB /* TherapistPateintProfile */,
				E810330E2C23AF5900F4FFDB /* TherapistPatient */,
				678F340A2BFEDB2400824A23 /* TherapistLogin */,
				67C93E662C2A2A1F00ADEE4E /* CreateScheduleViewModel.swift */,
			);
			path = ViewModel;
			sourceTree = "<group>";
		};
		678F33F82BFED90600824A23 /* Model */ = {
			isa = PBXGroup;
			children = (
				67795B662C2A8AD800271E5C /* TherapistHome */,
				E8C257A52C29547F00FBE9CB /* TherapistProfile */,
				F9E1ABCF2C24F64000E5E13F /* Exercise */,
				E81033142C23C91D00F4FFDB /* TherapistPateintProfile */,
				E810330D2C23AF2F00F4FFDB /* TherapistPatient */,
				674E53F32C0947B60033F260 /* TherapistOnboarding */,
				678F340E2BFEDB5F00824A23 /* TherapistLogin */,
			);
			path = Model;
			sourceTree = "<group>";
		};
		678F33F92BFED90B00824A23 /* View */ = {
			isa = PBXGroup;
			children = (
				67E14CE32C2A038F00F540D7 /* CreateSchedule */,
				67C9BFD32C1D0E370092CC78 /* TherapistHome */,
				E850C33A2C1BD3A10063C9A8 /* TherapistProfile */,
				E885CAB02C17D4DD007BC7AC /* TherapistPatientProfile */,
				F979EC302C18DE400006100B /* Exercise */,
				E89CB9AC2C17969900A8A305 /* TherapistNotification */,
				67320C8E2C168F61003188AA /* TherapistPatient */,
				674E53EE2C09440A0033F260 /* TherapistOnboarding */,
				678F34062BFEDB0000824A23 /* TherapistAuth */,
			);
			path = View;
			sourceTree = "<group>";
		};
		678F34052BFEDAD800824A23 /* PatientOnboarding */ = {
			isa = PBXGroup;
			children = (
				678F34032BFEDACC00824A23 /* PatientOnboardingVC.swift */,
			);
			path = PatientOnboarding;
			sourceTree = "<group>";
		};
		678F34062BFEDB0000824A23 /* TherapistAuth */ = {
			isa = PBXGroup;
			children = (
				678F34072BFEDB0A00824A23 /* TherapistLogin */,
			);
			path = TherapistAuth;
			sourceTree = "<group>";
		};
		678F34072BFEDB0A00824A23 /* TherapistLogin */ = {
			isa = PBXGroup;
			children = (
				678F34082BFEDB1E00824A23 /* TherapistLoginVC.swift */,
			);
			path = TherapistLogin;
			sourceTree = "<group>";
		};
		678F340A2BFEDB2400824A23 /* TherapistLogin */ = {
			isa = PBXGroup;
			children = (
				678F340C2BFEDB4400824A23 /* TherapistLoginViewModel.swift */,
			);
			path = TherapistLogin;
			sourceTree = "<group>";
		};
		678F340E2BFEDB5F00824A23 /* TherapistLogin */ = {
			isa = PBXGroup;
			children = (
				678F340F2BFEDB7800824A23 /* TherapistLoginModel.swift */,
			);
			path = TherapistLogin;
			sourceTree = "<group>";
		};
		6794C7A42C25BB5700E3B4F3 /* PatientAuth */ = {
			isa = PBXGroup;
			children = (
				6794C7A52C25BB7200E3B4F3 /* PatientLoginModel.swift */,
				6794C7A72C25C3EA00E3B4F3 /* SetPasswordModel.swift */,
			);
			path = PatientAuth;
			sourceTree = "<group>";
		};
		6794C7AD2C2683E600E3B4F3 /* PatientStatsView */ = {
			isa = PBXGroup;
			children = (
				6794C7B82C26847800E3B4F3 /* SwiftUIViews */,
				6794C7B92C26849400E3B4F3 /* PatientStatsVC.swift */,
				6794C7BC2C268A2E00E3B4F3 /* StatsTabVC.swift */,
			);
			path = PatientStatsView;
			sourceTree = "<group>";
		};
		6794C7B82C26847800E3B4F3 /* SwiftUIViews */ = {
			isa = PBXGroup;
			children = (
				6794C7AE2C26840A00E3B4F3 /* CalorieChartView.swift */,
				6794C7B22C26840B00E3B4F3 /* ContentView.swift */,
				6794C7B12C26840B00E3B4F3 /* HeartRateGraphView.swift */,
				6794C7AF2C26840A00E3B4F3 /* SleepGraphView.swift */,
				6794C7B02C26840B00E3B4F3 /* StepsChartView.swift */,
			);
			path = SwiftUIViews;
			sourceTree = "<group>";
		};
		679512752C3E6A5F00C01BDA /* Exercise */ = {
			isa = PBXGroup;
			children = (
				679512762C3E6A7500C01BDA /* ExerciseViewModel.swift */,
			);
			path = Exercise;
			sourceTree = "<group>";
		};
		67B161652C138E620028E3C3 /* PatientExerciseTab */ = {
			isa = PBXGroup;
			children = (
				671FE59E2C3341E5007BDE79 /* Exercise */,
				67B1616A2C1417440028E3C3 /* ExerciseDetail */,
				67B161662C138E7A0028E3C3 /* PatientExerciseTabVC.swift */,
				67B161682C13F1490028E3C3 /* PatientExerciseTabTVC.swift */,
			);
			path = PatientExerciseTab;
			sourceTree = "<group>";
		};
		67B1616A2C1417440028E3C3 /* ExerciseDetail */ = {
			isa = PBXGroup;
			children = (
				67B1616B2C14179B0028E3C3 /* PatientExerciseDetailVC.swift */,
			);
			path = ExerciseDetail;
			sourceTree = "<group>";
		};
		67C9BFD32C1D0E370092CC78 /* TherapistHome */ = {
			isa = PBXGroup;
			children = (
				67C9BFD42C1D0E580092CC78 /* TherapistHomeVC.swift */,
				67C9BFD62C1D11D40092CC78 /* TherapistHomeCVC.swift */,
				67C9BFD82C1D12230092CC78 /* TherapistHomeTVC.swift */,
			);
			path = TherapistHome;
			sourceTree = "<group>";
		};
		67D531332C1D3D9300404E66 /* PatientHome */ = {
			isa = PBXGroup;
			children = (
				67D531342C1D3DA500404E66 /* PatientHomeVC.swift */,
				67D531362C1D3DF500404E66 /* PatientHomeCVC.swift */,
			);
			path = PatientHome;
			sourceTree = "<group>";
		};
		67E14CE32C2A038F00F540D7 /* CreateSchedule */ = {
			isa = PBXGroup;
			children = (
				67E14CE42C2A05B900F540D7 /* CreateScheduleVC.swift */,
				67E14CE62C2A06B700F540D7 /* CreateScheduleCVC.swift */,
			);
			path = CreateSchedule;
			sourceTree = "<group>";
		};
		67E887FE2C24D51100948C5A /* PatientAuth */ = {
			isa = PBXGroup;
			children = (
				67E887FF2C24D52700948C5A /* PatientLoginViewModel.swift */,
				6794C7A92C25C3F500E3B4F3 /* SetPasswordViewModel.swift */,
			);
			path = PatientAuth;
			sourceTree = "<group>";
		};
		67F3DE0F2C2CCFF800EF856F /* MessageViewModel */ = {
			isa = PBXGroup;
			children = (
				67F3DE102C2CD00C00EF856F /* MessageViewModel.swift */,
			);
			path = MessageViewModel;
			sourceTree = "<group>";
		};
		67F3DE142C2CF10500EF856F /* MessageModel */ = {
			isa = PBXGroup;
			children = (
				67F3DE152C2CF11C00EF856F /* MessageModel.swift */,
			);
			path = MessageModel;
			sourceTree = "<group>";
		};
		67F3DE172C2CFDF200EF856F /* ChatModel */ = {
			isa = PBXGroup;
			children = (
				67F3DE182C2CFE0100EF856F /* ChatModel.swift */,
			);
			path = ChatModel;
			sourceTree = "<group>";
		};
		67F3DE1A2C2CFE7A00EF856F /* ChatViewModel */ = {
			isa = PBXGroup;
			children = (
				67F3DE1B2C2CFE8900EF856F /* ChatViewModel.swift */,
			);
			path = ChatViewModel;
			sourceTree = "<group>";
		};
		78C8844A1FFAE5CA50F47C66 /* Pods */ = {
			isa = PBXGroup;
			children = (
				505D71C97A5939DC41F99F48 /* Pods-PhysioSync.debug.xcconfig */,
				FC5D250C3D17413BF6991B2B /* Pods-PhysioSync.release.xcconfig */,
			);
			path = Pods;
			sourceTree = "<group>";
		};
		CF09D576FE54B3693FB61E79 /* Frameworks */ = {
			isa = PBXGroup;
			children = (
				644C11C617AB09AD38A62E4D /* Pods_PhysioSync.framework */,
			);
			name = Frameworks;
			sourceTree = "<group>";
		};
		E810330D2C23AF2F00F4FFDB /* TherapistPatient */ = {
			isa = PBXGroup;
			children = (
				E81033112C23AFC000F4FFDB /* TherapistPatientModel.swift */,
			);
			path = TherapistPatient;
			sourceTree = "<group>";
		};
		E810330E2C23AF5900F4FFDB /* TherapistPatient */ = {
			isa = PBXGroup;
			children = (
				E810330F2C23AFA500F4FFDB /* TherapistPatientViewModel.swift */,
			);
			path = TherapistPatient;
			sourceTree = "<group>";
		};
		E81033132C23C86300F4FFDB /* TherapistPateintProfile */ = {
			isa = PBXGroup;
			children = (
				E81033172C23C95500F4FFDB /* TherapistPatientProfileViewModel.swift */,
				E8C2579C2C280E2200FBE9CB /* TherapistPatientProfileStep3ViewModel.swift */,
			);
			path = TherapistPateintProfile;
			sourceTree = "<group>";
		};
		E81033142C23C91D00F4FFDB /* TherapistPateintProfile */ = {
			isa = PBXGroup;
			children = (
				E81033152C23C94100F4FFDB /* TherapistPatientProfileModel.swift */,
			);
			path = TherapistPateintProfile;
			sourceTree = "<group>";
		};
		E850C33A2C1BD3A10063C9A8 /* TherapistProfile */ = {
			isa = PBXGroup;
			children = (
				E850C3382C1BD3680063C9A8 /* TherapistProfileVC.swift */,
				E850C33B2C1BD3CB0063C9A8 /* TherapistProfileStep1VC.swift */,
				E850C33D2C1BD3D20063C9A8 /* TherapistProfileStep2VC.swift */,
			);
			path = TherapistProfile;
			sourceTree = "<group>";
		};
		E885CAB02C17D4DD007BC7AC /* TherapistPatientProfile */ = {
			isa = PBXGroup;
			children = (
				E885CAB12C17D6A7007BC7AC /* TherapistPatientProfileVC.swift */,
				E850C3302C1BD2910063C9A8 /* TherapistPatientInfoVC.swift */,
				E850C3322C1BD2D90063C9A8 /* TherapistPatientStep1VC.swift */,
				E850C3342C1BD30E0063C9A8 /* TherapistPatientStep2VC.swift */,
				E850C3362C1BD3320063C9A8 /* TherapistPatientStep3VC.swift */,
				E8466EEC2C25BB74001F36CC /* ScheduleTableTVC.swift */,
			);
			path = TherapistPatientProfile;
			sourceTree = "<group>";
		};
		E89CB9AC2C17969900A8A305 /* TherapistNotification */ = {
			isa = PBXGroup;
			children = (
				E89CB9AA2C17969900A8A305 /* NotificationTVC.swift */,
				E89CB9AB2C17969900A8A305 /* TherapistNotificationVC.swift */,
			);
			path = TherapistNotification;
			sourceTree = "<group>";
		};
		E89CB9B32C1796AB00A8A305 /* ChatScreen */ = {
			isa = PBXGroup;
			children = (
				67F3DE1A2C2CFE7A00EF856F /* ChatViewModel */,
				67F3DE172C2CFDF200EF856F /* ChatModel */,
				E89CB9AF2C1796AB00A8A305 /* ChatScreenVC.swift */,
				E89CB9B02C1796AB00A8A305 /* ChatTVC.swift */,
				E89CB9B12C1796AB00A8A305 /* demoTableCellCustomVC.swift */,
				E89CB9B22C1796AB00A8A305 /* demoTableCellCustomVC.xib */,
			);
			path = ChatScreen;
			sourceTree = "<group>";
		};
		E8A79AD32C0D4C5D00A2EB92 /* MessageTab */ = {
			isa = PBXGroup;
			children = (
				E8A79AD42C0D4C8C00A2EB92 /* Message.storyboard */,
			);
			path = MessageTab;
			sourceTree = "<group>";
		};
		E8A79AD62C0D4CCF00A2EB92 /* MessageTab */ = {
			isa = PBXGroup;
			children = (
				67F3DE142C2CF10500EF856F /* MessageModel */,
				67F3DE0F2C2CCFF800EF856F /* MessageViewModel */,
				E89CB9B32C1796AB00A8A305 /* ChatScreen */,
				E8A79AD72C0D4D0800A2EB92 /* MessageTabVC.swift */,
			);
			path = MessageTab;
			sourceTree = "<group>";
		};
		E8C0FADA2C0D5A09008E1CA7 /* Xibs */ = {
			isa = PBXGroup;
			children = (
				F92488542C1BB4F900426C8E /* Chips */,
				F91D75AF2C1277BD00EE71E0 /* ExerciseGrid */,
				E8C0FADF2C0D5A32008E1CA7 /* Message */,
			);
			path = Xibs;
			sourceTree = "<group>";
		};
		E8C0FADF2C0D5A32008E1CA7 /* Message */ = {
			isa = PBXGroup;
			children = (
				E8C0FADB2C0D5A2E008E1CA7 /* MessageTVC.swift */,
				E8C0FADC2C0D5A2E008E1CA7 /* MessageTVC.xib */,
			);
			path = Message;
			sourceTree = "<group>";
		};
		E8C257A22C29532F00FBE9CB /* TherapistProfile */ = {
			isa = PBXGroup;
			children = (
				E8C257A32C29534500FBE9CB /* TherapistProfileStep1ViewModel.swift */,
			);
			path = TherapistProfile;
			sourceTree = "<group>";
		};
		E8C257A52C29547F00FBE9CB /* TherapistProfile */ = {
			isa = PBXGroup;
			children = (
				E8C257A62C29548C00FBE9CB /* TherapistProfileModel.swift */,
			);
			path = TherapistProfile;
			sourceTree = "<group>";
		};
		F91D75A92C12766700EE71E0 /* ExerciseTab */ = {
			isa = PBXGroup;
			children = (
				F91D75AA2C1276AA00EE71E0 /* ExerciseTab.storyboard */,
			);
			path = ExerciseTab;
			sourceTree = "<group>";
		};
		F91D75AF2C1277BD00EE71E0 /* ExerciseGrid */ = {
			isa = PBXGroup;
			children = (
				F91D75B02C1277F900EE71E0 /* ExerciseGridCVC.swift */,
				F91D75B12C1277F900EE71E0 /* ExerciseGridCVC.xib */,
				67C7FD072C1BE16100476601 /* ProfileGridCVC.swift */,
				67C7FD082C1BE16100476601 /* ProfileGridCVC.xib */,
			);
			path = ExerciseGrid;
			sourceTree = "<group>";
		};
		F92488542C1BB4F900426C8E /* Chips */ = {
			isa = PBXGroup;
			children = (
				F92488552C1BB51700426C8E /* ChipsCVC.swift */,
				F92488562C1BB51700426C8E /* ChipsCVC.xib */,
			);
			path = Chips;
			sourceTree = "<group>";
		};
		F92488592C1BB5FA00426C8E /* SingleExercise */ = {
			isa = PBXGroup;
			children = (
				F92488522C1BAFBE00426C8E /* SingleExerciseVC.swift */,
				F924885A2C1BB61300426C8E /* SingleExerciseDetailVC.swift */,
			);
			path = SingleExercise;
			sourceTree = "<group>";
		};
		F924885C2C1BCC1D00426C8E /* AddNewExercise */ = {
			isa = PBXGroup;
			children = (
				F924885D2C1BCC3200426C8E /* AddNewExerciseVC.swift */,
			);
			path = AddNewExercise;
			sourceTree = "<group>";
		};
		F95CD6CE2C29702F007C055A /* AddNewExercise */ = {
			isa = PBXGroup;
			children = (
			);
			path = AddNewExercise;
			sourceTree = "<group>";
		};
		F95CD6CF2C297A7F007C055A /* AddNewExercise */ = {
			isa = PBXGroup;
			children = (
				F95CD6D02C297A91007C055A /* AddNewExerciseViewModel.swift */,
			);
			path = AddNewExercise;
			sourceTree = "<group>";
		};
		F979EC302C18DE400006100B /* Exercise */ = {
			isa = PBXGroup;
			children = (
				F924885C2C1BCC1D00426C8E /* AddNewExercise */,
				F92488592C1BB5FA00426C8E /* SingleExercise */,
				F979EC312C18DE760006100B /* ExerciseCategoryVC.swift */,
			);
			path = Exercise;
			sourceTree = "<group>";
		};
		F9E1ABCC2C24ED1B00E5E13F /* Exercise */ = {
			isa = PBXGroup;
			children = (
				F9E1ABD52C250B2600E5E13F /* SingleExercise */,
				F9E1ABDA2C2519D600E5E13F /* ExerciseCategoryViewModel.swift */,
			);
			path = Exercise;
			sourceTree = "<group>";
		};
		F9E1ABCF2C24F64000E5E13F /* Exercise */ = {
			isa = PBXGroup;
			children = (
				F95CD6CE2C29702F007C055A /* AddNewExercise */,
				F9E1ABD22C250B1100E5E13F /* SingleExercise */,
				F9458ADF2C25B910006C17D6 /* ExerciseCategoryModel.swift */,
			);
			path = Exercise;
			sourceTree = "<group>";
		};
		F9E1ABD22C250B1100E5E13F /* SingleExercise */ = {
			isa = PBXGroup;
			children = (
				F9458ADD2C25B900006C17D6 /* SingleExerciseModel.swift */,
			);
			path = SingleExercise;
			sourceTree = "<group>";
		};
		F9E1ABD52C250B2600E5E13F /* SingleExercise */ = {
			isa = PBXGroup;
			children = (
				F9E1ABDC2C251A0F00E5E13F /* SingleExerciseViewModel.swift */,
			);
			path = SingleExercise;
			sourceTree = "<group>";
		};
/* End PBXGroup section */

/* Begin PBXNativeTarget section */
		678F33D32BFED67800824A23 /* PhysioSync */ = {
			isa = PBXNativeTarget;
			buildConfigurationList = 678F33E82BFED67A00824A23 /* Build configuration list for PBXNativeTarget "PhysioSync" */;
			buildPhases = (
				A1C992314EE1D67E5F7A9F94 /* [CP] Check Pods Manifest.lock */,
				678F33D02BFED67800824A23 /* Sources */,
				678F33D12BFED67800824A23 /* Frameworks */,
				678F33D22BFED67800824A23 /* Resources */,
				098BC84D839C805EF6139A78 /* [CP] Embed Pods Frameworks */,
			);
			buildRules = (
			);
			dependencies = (
			);
			name = PhysioSync;
			packageProductDependencies = (
			);
			productName = PhysioSync;
			productReference = 678F33D42BFED67800824A23 /* PhysioSync.app */;
			productType = "com.apple.product-type.application";
		};
/* End PBXNativeTarget section */

/* Begin PBXProject section */
		678F33CC2BFED67800824A23 /* Project object */ = {
			isa = PBXProject;
			attributes = {
				BuildIndependentTargetsInParallel = 1;
				LastSwiftUpdateCheck = 1530;
				LastUpgradeCheck = 1530;
				TargetAttributes = {
					678F33D32BFED67800824A23 = {
						CreatedOnToolsVersion = 15.3;
					};
				};
			};
			buildConfigurationList = 678F33CF2BFED67800824A23 /* Build configuration list for PBXProject "PhysioSync" */;
			compatibilityVersion = "Xcode 14.0";
			developmentRegion = en;
			hasScannedForEncodings = 0;
			knownRegions = (
				en,
				Base,
			);
			mainGroup = 678F33CB2BFED67800824A23;
			packageReferences = (
			);
			productRefGroup = 678F33D52BFED67800824A23 /* Products */;
			projectDirPath = "";
			projectRoot = "";
			targets = (
				678F33D32BFED67800824A23 /* PhysioSync */,
			);
		};
/* End PBXProject section */

/* Begin PBXResourcesBuildPhase section */
		678F33D22BFED67800824A23 /* Resources */ = {
			isa = PBXResourcesBuildPhase;
			buildActionMask = 2147483647;
			files = (
				676BEA632C0C404E00A193CF /* Outfit-Light.ttf in Resources */,
				E8C0FADE2C0D5A2E008E1CA7 /* MessageTVC.xib in Resources */,
				676BEA5E2C0C404E00A193CF /* Outfit-Bold.ttf in Resources */,
				676BEA612C0C404E00A193CF /* Outfit-ExtraLight.ttf in Resources */,
				67B161642C138E540028E3C3 /* PatientExerciseTab.storyboard in Resources */,
				678F33E12BFED67A00824A23 /* Assets.xcassets in Resources */,
				678F33FB2BFED93A00824A23 /* TherapistAuth.storyboard in Resources */,
				F91D75B22C1277F900EE71E0 /* ExerciseGridCVC.xib in Resources */,
				67C7FD092C1BE16100476601 /* ProfileGridCVC.xib in Resources */,
				676BEA622C0C404E00A193CF /* Outfit-ExtraBold.ttf in Resources */,
				676BEA652C0C404E00A193CF /* Outfit-Thin.ttf in Resources */,
				678F34002BFED96F00824A23 /* TherapistOnboarding.storyboard in Resources */,
				E89CB9B72C1796AB00A8A305 /* demoTableCellCustomVC.xib in Resources */,
				678F34022BFED97C00824A23 /* PatientOnboarding.storyboard in Resources */,
				676BEA642C0C404E00A193CF /* Outfit-Regular.ttf in Resources */,
				677F5F032C15025F006792F2 /* PatientTab.storyboard in Resources */,
				678F33E42BFED67A00824A23 /* Base in Resources */,
				67E888022C24F00900948C5A /* GoogleService-Info.plist in Resources */,
				678F33DF2BFED67800824A23 /* Base in Resources */,
				676BEA5D2C0C404E00A193CF /* Outfit-Medium.ttf in Resources */,
				F91D75AB2C1276AA00EE71E0 /* ExerciseTab.storyboard in Resources */,
				E89CB9B92C17971600A8A305 /* TherapistNotification.storyboard in Resources */,
				F92488572C1BB51700426C8E /* ChipsCVC.xib in Resources */,
				678F33FD2BFED95000824A23 /* PatientAuth.storyboard in Resources */,
				677481BE2C3F2FBB00E3A23F /* V_Logo_Animation.mp4 in Resources */,
				E89CB9C12C17C3D700A8A305 /* TherapistPatientProfile.storyboard in Resources */,
				67320C8D2C168C0B003188AA /* TherapistTab.storyboard in Resources */,
				E8A79AD52C0D4C8C00A2EB92 /* Message.storyboard in Resources */,
				67FA759B2C29823C005DD241 /* TherapistCreateSchedule.storyboard in Resources */,
				676BEA602C0C404E00A193CF /* Outfit-SemiBold.ttf in Resources */,
				676BEA5F2C0C404E00A193CF /* Outfit-Black.ttf in Resources */,
				E88AFFBF2C1AEF3C006E1AFF /* TherapistProfile.storyboard in Resources */,
			);
			runOnlyForDeploymentPostprocessing = 0;
		};
/* End PBXResourcesBuildPhase section */

/* Begin PBXShellScriptBuildPhase section */
		098BC84D839C805EF6139A78 /* [CP] Embed Pods Frameworks */ = {
			isa = PBXShellScriptBuildPhase;
			buildActionMask = 2147483647;
			files = (
			);
			inputFileListPaths = (
				"${PODS_ROOT}/Target Support Files/Pods-PhysioSync/Pods-PhysioSync-frameworks-${CONFIGURATION}-input-files.xcfilelist",
			);
			name = "[CP] Embed Pods Frameworks";
			outputFileListPaths = (
				"${PODS_ROOT}/Target Support Files/Pods-PhysioSync/Pods-PhysioSync-frameworks-${CONFIGURATION}-output-files.xcfilelist",
			);
			runOnlyForDeploymentPostprocessing = 0;
			shellPath = /bin/sh;
			shellScript = "\"${PODS_ROOT}/Target Support Files/Pods-PhysioSync/Pods-PhysioSync-frameworks.sh\"\n";
			showEnvVarsInLog = 0;
		};
		A1C992314EE1D67E5F7A9F94 /* [CP] Check Pods Manifest.lock */ = {
			isa = PBXShellScriptBuildPhase;
			buildActionMask = 2147483647;
			files = (
			);
			inputFileListPaths = (
			);
			inputPaths = (
				"${PODS_PODFILE_DIR_PATH}/Podfile.lock",
				"${PODS_ROOT}/Manifest.lock",
			);
			name = "[CP] Check Pods Manifest.lock";
			outputFileListPaths = (
			);
			outputPaths = (
				"$(DERIVED_FILE_DIR)/Pods-PhysioSync-checkManifestLockResult.txt",
			);
			runOnlyForDeploymentPostprocessing = 0;
			shellPath = /bin/sh;
			shellScript = "diff \"${PODS_PODFILE_DIR_PATH}/Podfile.lock\" \"${PODS_ROOT}/Manifest.lock\" > /dev/null\nif [ $? != 0 ] ; then\n    # print error to STDERR\n    echo \"error: The sandbox is not in sync with the Podfile.lock. Run 'pod install' or update your CocoaPods installation.\" >&2\n    exit 1\nfi\n# This output is used by Xcode 'outputs' to avoid re-running this script phase.\necho \"SUCCESS\" > \"${SCRIPT_OUTPUT_FILE_0}\"\n";
			showEnvVarsInLog = 0;
		};
/* End PBXShellScriptBuildPhase section */

/* Begin PBXSourcesBuildPhase section */
		678F33D02BFED67800824A23 /* Sources */ = {
			isa = PBXSourcesBuildPhase;
			buildActionMask = 2147483647;
			files = (
				678F34102BFEDB7800824A23 /* TherapistLoginModel.swift in Sources */,
				671FE5A62C334440007BDE79 /* ExerciseVC.swift in Sources */,
				E8466EED2C25BB74001F36CC /* ScheduleTableTVC.swift in Sources */,
				E81033102C23AFA500F4FFDB /* TherapistPatientViewModel.swift in Sources */,
				6794C7B52C26840B00E3B4F3 /* StepsChartView.swift in Sources */,
				671FE5A12C33424C007BDE79 /* Predictor.swift in Sources */,
				67C7FD022C1BD7FC00476601 /* CustomHeader.swift in Sources */,
				67795B682C2A8AF600271E5C /* TherapistHomeModel.swift in Sources */,
				67F3DE1C2C2CFE8900EF856F /* ChatViewModel.swift in Sources */,
				E8C257A12C2887A100FBE9CB /* AWSHelper.swift in Sources */,
				674E53FE2C0951ED0033F260 /* PatientLoginVC.swift in Sources */,
				6794C7AC2C26810900E3B4F3 /* AppleHealthDataManager.swift in Sources */,
				F91D75B32C1277F900EE71E0 /* ExerciseGridCVC.swift in Sources */,
				E850C3332C1BD2D90063C9A8 /* TherapistPatientStep1VC.swift in Sources */,
				E850C3312C1BD2910063C9A8 /* TherapistPatientInfoVC.swift in Sources */,
				678F341C2BFEDC3700824A23 /* NetworkConnectivity.swift in Sources */,
				F924885E2C1BCC3200426C8E /* AddNewExerciseVC.swift in Sources */,
				E8C257A42C29534500FBE9CB /* TherapistProfileStep1ViewModel.swift in Sources */,
				E8A79AD82C0D4D0800A2EB92 /* MessageTabVC.swift in Sources */,
				67F3DE132C2CE0A200EF856F /* SocketHelper.swift in Sources */,
				67C6BDDC2C36715800D86922 /* left_right_srg.mlmodel in Sources */,
				67D531372C1D3DF500404E66 /* PatientHomeCVC.swift in Sources */,
				67C9BFD72C1D11D40092CC78 /* TherapistHomeCVC.swift in Sources */,
				F9458AE02C25B910006C17D6 /* ExerciseCategoryModel.swift in Sources */,
				F9E1ABDB2C2519D600E5E13F /* ExerciseCategoryViewModel.swift in Sources */,
				E885CAB22C17D6A7007BC7AC /* TherapistPatientProfileVC.swift in Sources */,
				679512772C3E6A7500C01BDA /* ExerciseViewModel.swift in Sources */,
				67320C902C168F79003188AA /* TherapistPatientVC.swift in Sources */,
				E89CB9AD2C17969900A8A305 /* NotificationTVC.swift in Sources */,
				67F3DE192C2CFE0100EF856F /* ChatModel.swift in Sources */,
				674E53F92C094EBA0033F260 /* TherapistWelcomeVC.swift in Sources */,
				67F3DE162C2CF11C00EF856F /* MessageModel.swift in Sources */,
				E81033122C23AFC000F4FFDB /* TherapistPatientModel.swift in Sources */,
				67E888002C24D52700948C5A /* PatientLoginViewModel.swift in Sources */,
				678F34042BFEDACC00824A23 /* PatientOnboardingVC.swift in Sources */,
				674E53F72C0947F30033F260 /* TherapistOnboardingModel.swift in Sources */,
				67B161692C13F1490028E3C3 /* PatientExerciseTabTVC.swift in Sources */,
				E8C0FADD2C0D5A2E008E1CA7 /* MessageTVC.swift in Sources */,
				6794C7AA2C25C3F500E3B4F3 /* SetPasswordViewModel.swift in Sources */,
				E89CB9AE2C17969900A8A305 /* TherapistNotificationVC.swift in Sources */,
				67E14CE72C2A06B700F540D7 /* CreateScheduleCVC.swift in Sources */,
				E850C33C2C1BD3CB0063C9A8 /* TherapistProfileStep1VC.swift in Sources */,
				E850C3352C1BD30E0063C9A8 /* TherapistPatientStep2VC.swift in Sources */,
				E850C3392C1BD3680063C9A8 /* TherapistProfileVC.swift in Sources */,
				678F33D82BFED67800824A23 /* AppDelegate.swift in Sources */,
				678F34142BFEDC1E00824A23 /* extensions.swift in Sources */,
				674E53ED2C0940660033F260 /* WelcomeVC.swift in Sources */,
				6794C7B32C26840B00E3B4F3 /* CalorieChartView.swift in Sources */,
				F92488532C1BAFBE00426C8E /* SingleExerciseVC.swift in Sources */,
				674E53F02C0944230033F260 /* TherapistOnboardingVC.swift in Sources */,
				E89CB9B52C1796AB00A8A305 /* ChatTVC.swift in Sources */,
				6794C7BD2C268A2E00E3B4F3 /* StatsTabVC.swift in Sources */,
				E81033182C23C95500F4FFDB /* TherapistPatientProfileViewModel.swift in Sources */,
				F95CD6D12C297A91007C055A /* AddNewExerciseViewModel.swift in Sources */,
				674E53F22C0946760033F260 /* StoryBoardIDs.swift in Sources */,
				679512742C3DC45A00C01BDA /* neckRotation.mlmodel in Sources */,
				E8C257A72C29548C00FBE9CB /* TherapistProfileModel.swift in Sources */,
				6794C7B62C26840B00E3B4F3 /* HeartRateGraphView.swift in Sources */,
				678F34182BFEDC2E00824A23 /* Loader.swift in Sources */,
				F92488582C1BB51700426C8E /* ChipsCVC.swift in Sources */,
				67C93E672C2A2A1F00ADEE4E /* CreateScheduleViewModel.swift in Sources */,
				67C9BFD92C1D12230092CC78 /* TherapistHomeTVC.swift in Sources */,
				678F34162BFEDC2700824A23 /* IBDesignables.swift in Sources */,
				67B1616E2C141A740028E3C3 /* VideoPlayer.swift in Sources */,
				678F33DA2BFED67800824A23 /* SceneDelegate.swift in Sources */,
				6784A1012C2E051C001650CB /* PatientHomeViewModel.swift in Sources */,
				67B161672C138E7A0028E3C3 /* PatientExerciseTabVC.swift in Sources */,
				678F341B2BFEDC3700824A23 /* NetworkingClass.swift in Sources */,
				F979EC322C18DE760006100B /* ExerciseCategoryVC.swift in Sources */,
				6794C7A62C25BB7200E3B4F3 /* PatientLoginModel.swift in Sources */,
				F9458ADE2C25B900006C17D6 /* SingleExerciseModel.swift in Sources */,
				678F34122BFEDC0600824A23 /* Constants.swift in Sources */,
				E8C2579D2C280E2300FBE9CB /* TherapistPatientProfileStep3ViewModel.swift in Sources */,
				E89CB9B62C1796AB00A8A305 /* demoTableCellCustomVC.swift in Sources */,
				67320C922C168F8B003188AA /* TherapistPatientListTVC.swift in Sources */,
				678F34092BFEDB1E00824A23 /* TherapistLoginVC.swift in Sources */,
				67F3DE112C2CD00C00EF856F /* MessageViewModel.swift in Sources */,
				E81033162C23C94100F4FFDB /* TherapistPatientProfileModel.swift in Sources */,
				6794C7B72C26840B00E3B4F3 /* ContentView.swift in Sources */,
				6784A1042C2E1B08001650CB /* PatientHome.swift in Sources */,
				67D531352C1D3DA500404E66 /* PatientHomeVC.swift in Sources */,
				E89CB9B42C1796AB00A8A305 /* ChatScreenVC.swift in Sources */,
				67795B6B2C2A8B1500271E5C /* TherapistHomeViewModel.swift in Sources */,
				E850C33E2C1BD3D20063C9A8 /* TherapistProfileStep2VC.swift in Sources */,
				F924885B2C1BB61300426C8E /* SingleExerciseDetailVC.swift in Sources */,
				6794C7B42C26840B00E3B4F3 /* SleepGraphView.swift in Sources */,
				67E888042C24F02100948C5A /* FireBaseHelper.swift in Sources */,
				678F341E2BFEDC4300824A23 /* SlideTranisitionAnimator.swift in Sources */,
				F9E1ABDD2C251A0F00E5E13F /* SingleExerciseViewModel.swift in Sources */,
				6794C7BA2C26849400E3B4F3 /* PatientStatsVC.swift in Sources */,
				67C9BFD52C1D0E580092CC78 /* TherapistHomeVC.swift in Sources */,
				674E54002C09584F0033F260 /* SetPasswordVC.swift in Sources */,
				671FE5A22C33424C007BDE79 /* VideoCapture.swift in Sources */,
				67B1616C2C14179B0028E3C3 /* PatientExerciseDetailVC.swift in Sources */,
				678F340D2BFEDB4400824A23 /* TherapistLoginViewModel.swift in Sources */,
				6794C7A82C25C3EA00E3B4F3 /* SetPasswordModel.swift in Sources */,
				E8673FE02C27F3FF00D639CF /* ImagePickerHelper.swift in Sources */,
				67C7FD0A2C1BE16100476601 /* ProfileGridCVC.swift in Sources */,
				67E14CE52C2A05B900F540D7 /* CreateScheduleVC.swift in Sources */,
				E850C3372C1BD3320063C9A8 /* TherapistPatientStep3VC.swift in Sources */,
			);
			runOnlyForDeploymentPostprocessing = 0;
		};
/* End PBXSourcesBuildPhase section */

/* Begin PBXVariantGroup section */
		678F33DD2BFED67800824A23 /* Main.storyboard */ = {
			isa = PBXVariantGroup;
			children = (
				678F33DE2BFED67800824A23 /* Base */,
			);
			name = Main.storyboard;
			sourceTree = "<group>";
		};
		678F33E22BFED67A00824A23 /* LaunchScreen.storyboard */ = {
			isa = PBXVariantGroup;
			children = (
				678F33E32BFED67A00824A23 /* Base */,
			);
			name = LaunchScreen.storyboard;
			sourceTree = "<group>";
		};
/* End PBXVariantGroup section */

/* Begin XCBuildConfiguration section */
		678F33E62BFED67A00824A23 /* Debug */ = {
			isa = XCBuildConfiguration;
			buildSettings = {
				ALWAYS_SEARCH_USER_PATHS = NO;
				ASSETCATALOG_COMPILER_GENERATE_SWIFT_ASSET_SYMBOL_EXTENSIONS = YES;
				CLANG_ANALYZER_NONNULL = YES;
				CLANG_ANALYZER_NUMBER_OBJECT_CONVERSION = YES_AGGRESSIVE;
				CLANG_CXX_LANGUAGE_STANDARD = "gnu++20";
				CLANG_ENABLE_MODULES = YES;
				CLANG_ENABLE_OBJC_ARC = YES;
				CLANG_ENABLE_OBJC_WEAK = YES;
				CLANG_WARN_BLOCK_CAPTURE_AUTORELEASING = YES;
				CLANG_WARN_BOOL_CONVERSION = YES;
				CLANG_WARN_COMMA = YES;
				CLANG_WARN_CONSTANT_CONVERSION = YES;
				CLANG_WARN_DEPRECATED_OBJC_IMPLEMENTATIONS = YES;
				CLANG_WARN_DIRECT_OBJC_ISA_USAGE = YES_ERROR;
				CLANG_WARN_DOCUMENTATION_COMMENTS = YES;
				CLANG_WARN_EMPTY_BODY = YES;
				CLANG_WARN_ENUM_CONVERSION = YES;
				CLANG_WARN_INFINITE_RECURSION = YES;
				CLANG_WARN_INT_CONVERSION = YES;
				CLANG_WARN_NON_LITERAL_NULL_CONVERSION = YES;
				CLANG_WARN_OBJC_IMPLICIT_RETAIN_SELF = YES;
				CLANG_WARN_OBJC_LITERAL_CONVERSION = YES;
				CLANG_WARN_OBJC_ROOT_CLASS = YES_ERROR;
				CLANG_WARN_QUOTED_INCLUDE_IN_FRAMEWORK_HEADER = YES;
				CLANG_WARN_RANGE_LOOP_ANALYSIS = YES;
				CLANG_WARN_STRICT_PROTOTYPES = YES;
				CLANG_WARN_SUSPICIOUS_MOVE = YES;
				CLANG_WARN_UNGUARDED_AVAILABILITY = YES_AGGRESSIVE;
				CLANG_WARN_UNREACHABLE_CODE = YES;
				CLANG_WARN__DUPLICATE_METHOD_MATCH = YES;
				COPY_PHASE_STRIP = NO;
				DEBUG_INFORMATION_FORMAT = dwarf;
				ENABLE_STRICT_OBJC_MSGSEND = YES;
				ENABLE_TESTABILITY = YES;
				ENABLE_USER_SCRIPT_SANDBOXING = YES;
				GCC_C_LANGUAGE_STANDARD = gnu17;
				GCC_DYNAMIC_NO_PIC = NO;
				GCC_NO_COMMON_BLOCKS = YES;
				GCC_OPTIMIZATION_LEVEL = 0;
				GCC_PREPROCESSOR_DEFINITIONS = (
					"DEBUG=1",
					"$(inherited)",
				);
				GCC_WARN_64_TO_32_BIT_CONVERSION = YES;
				GCC_WARN_ABOUT_RETURN_TYPE = YES_ERROR;
				GCC_WARN_UNDECLARED_SELECTOR = YES;
				GCC_WARN_UNINITIALIZED_AUTOS = YES_AGGRESSIVE;
				GCC_WARN_UNUSED_FUNCTION = YES;
				GCC_WARN_UNUSED_VARIABLE = YES;
				IPHONEOS_DEPLOYMENT_TARGET = 17.4;
				LOCALIZATION_PREFERS_STRING_CATALOGS = YES;
				MTL_ENABLE_DEBUG_INFO = INCLUDE_SOURCE;
				MTL_FAST_MATH = YES;
				ONLY_ACTIVE_ARCH = YES;
				SDKROOT = iphoneos;
				SWIFT_ACTIVE_COMPILATION_CONDITIONS = "DEBUG $(inherited)";
				SWIFT_OPTIMIZATION_LEVEL = "-Onone";
			};
			name = Debug;
		};
		678F33E72BFED67A00824A23 /* Release */ = {
			isa = XCBuildConfiguration;
			buildSettings = {
				ALWAYS_SEARCH_USER_PATHS = NO;
				ASSETCATALOG_COMPILER_GENERATE_SWIFT_ASSET_SYMBOL_EXTENSIONS = YES;
				CLANG_ANALYZER_NONNULL = YES;
				CLANG_ANALYZER_NUMBER_OBJECT_CONVERSION = YES_AGGRESSIVE;
				CLANG_CXX_LANGUAGE_STANDARD = "gnu++20";
				CLANG_ENABLE_MODULES = YES;
				CLANG_ENABLE_OBJC_ARC = YES;
				CLANG_ENABLE_OBJC_WEAK = YES;
				CLANG_WARN_BLOCK_CAPTURE_AUTORELEASING = YES;
				CLANG_WARN_BOOL_CONVERSION = YES;
				CLANG_WARN_COMMA = YES;
				CLANG_WARN_CONSTANT_CONVERSION = YES;
				CLANG_WARN_DEPRECATED_OBJC_IMPLEMENTATIONS = YES;
				CLANG_WARN_DIRECT_OBJC_ISA_USAGE = YES_ERROR;
				CLANG_WARN_DOCUMENTATION_COMMENTS = YES;
				CLANG_WARN_EMPTY_BODY = YES;
				CLANG_WARN_ENUM_CONVERSION = YES;
				CLANG_WARN_INFINITE_RECURSION = YES;
				CLANG_WARN_INT_CONVERSION = YES;
				CLANG_WARN_NON_LITERAL_NULL_CONVERSION = YES;
				CLANG_WARN_OBJC_IMPLICIT_RETAIN_SELF = YES;
				CLANG_WARN_OBJC_LITERAL_CONVERSION = YES;
				CLANG_WARN_OBJC_ROOT_CLASS = YES_ERROR;
				CLANG_WARN_QUOTED_INCLUDE_IN_FRAMEWORK_HEADER = YES;
				CLANG_WARN_RANGE_LOOP_ANALYSIS = YES;
				CLANG_WARN_STRICT_PROTOTYPES = YES;
				CLANG_WARN_SUSPICIOUS_MOVE = YES;
				CLANG_WARN_UNGUARDED_AVAILABILITY = YES_AGGRESSIVE;
				CLANG_WARN_UNREACHABLE_CODE = YES;
				CLANG_WARN__DUPLICATE_METHOD_MATCH = YES;
				COPY_PHASE_STRIP = NO;
				DEBUG_INFORMATION_FORMAT = "dwarf-with-dsym";
				ENABLE_NS_ASSERTIONS = NO;
				ENABLE_STRICT_OBJC_MSGSEND = YES;
				ENABLE_USER_SCRIPT_SANDBOXING = YES;
				GCC_C_LANGUAGE_STANDARD = gnu17;
				GCC_NO_COMMON_BLOCKS = YES;
				GCC_WARN_64_TO_32_BIT_CONVERSION = YES;
				GCC_WARN_ABOUT_RETURN_TYPE = YES_ERROR;
				GCC_WARN_UNDECLARED_SELECTOR = YES;
				GCC_WARN_UNINITIALIZED_AUTOS = YES_AGGRESSIVE;
				GCC_WARN_UNUSED_FUNCTION = YES;
				GCC_WARN_UNUSED_VARIABLE = YES;
				IPHONEOS_DEPLOYMENT_TARGET = 17.4;
				LOCALIZATION_PREFERS_STRING_CATALOGS = YES;
				MTL_ENABLE_DEBUG_INFO = NO;
				MTL_FAST_MATH = YES;
				SDKROOT = iphoneos;
				SWIFT_COMPILATION_MODE = wholemodule;
				VALIDATE_PRODUCT = YES;
			};
			name = Release;
		};
		678F33E92BFED67A00824A23 /* Debug */ = {
			isa = XCBuildConfiguration;
			baseConfigurationReference = 505D71C97A5939DC41F99F48 /* Pods-PhysioSync.debug.xcconfig */;
			buildSettings = {
				ASSETCATALOG_COMPILER_APPICON_NAME = AppIcon;
				ASSETCATALOG_COMPILER_GLOBAL_ACCENT_COLOR_NAME = AccentColor;
				CODE_SIGN_ENTITLEMENTS = PhysioSync/PhysioSync.entitlements;
				CODE_SIGN_IDENTITY = "Apple Development";
				CODE_SIGN_STYLE = Automatic;
				CURRENT_PROJECT_VERSION = 1;
				DEVELOPMENT_TEAM = 645XZ7B7N8;
				ENABLE_USER_SCRIPT_SANDBOXING = NO;
				GENERATE_INFOPLIST_FILE = YES;
				INFOPLIST_FILE = PhysioSync/Info.plist;
				INFOPLIST_KEY_CFBundleDisplayName = "Physio Sync";
				INFOPLIST_KEY_NSCameraUsageDescription = "We use camere for profile pictures";
				INFOPLIST_KEY_NSHealthShareUsageDescription = "We use your health data to provide personalized insights, Your privacy is our priority, and your data will only be used to enhance the features of our app.";
				INFOPLIST_KEY_NSMicrophoneUsageDescription = "We use microphone to record video in the app";
				INFOPLIST_KEY_UIApplicationSupportsIndirectInputEvents = YES;
				INFOPLIST_KEY_UILaunchStoryboardName = LaunchScreen;
				INFOPLIST_KEY_UIMainStoryboardFile = Main;
				INFOPLIST_KEY_UISupportedInterfaceOrientations = UIInterfaceOrientationPortrait;
				INFOPLIST_KEY_UIUserInterfaceStyle = Light;
				IPHONEOS_DEPLOYMENT_TARGET = 17.0;
				LD_RUNPATH_SEARCH_PATHS = (
					"$(inherited)",
					"@executable_path/Frameworks",
				);
				MARKETING_VERSION = 1.0;
				PRODUCT_BUNDLE_IDENTIFIER = com.physiosync.srg;
				PRODUCT_NAME = "$(TARGET_NAME)";
				PROVISIONING_PROFILE_SPECIFIER = "";
				SWIFT_EMIT_LOC_STRINGS = YES;
				SWIFT_VERSION = 5.0;
				TARGETED_DEVICE_FAMILY = "1,2";
			};
			name = Debug;
		};
		678F33EA2BFED67A00824A23 /* Release */ = {
			isa = XCBuildConfiguration;
			baseConfigurationReference = FC5D250C3D17413BF6991B2B /* Pods-PhysioSync.release.xcconfig */;
			buildSettings = {
				ASSETCATALOG_COMPILER_APPICON_NAME = AppIcon;
				ASSETCATALOG_COMPILER_GLOBAL_ACCENT_COLOR_NAME = AccentColor;
				CODE_SIGN_ENTITLEMENTS = PhysioSync/PhysioSync.entitlements;
				CODE_SIGN_IDENTITY = "Apple Development";
				CODE_SIGN_STYLE = Automatic;
				CURRENT_PROJECT_VERSION = 1;
				DEVELOPMENT_TEAM = 645XZ7B7N8;
				ENABLE_USER_SCRIPT_SANDBOXING = NO;
				GENERATE_INFOPLIST_FILE = YES;
				INFOPLIST_FILE = PhysioSync/Info.plist;
				INFOPLIST_KEY_CFBundleDisplayName = "Physio Sync";
				INFOPLIST_KEY_NSCameraUsageDescription = "We use camere for profile pictures";
				INFOPLIST_KEY_NSHealthShareUsageDescription = "We use your health data to provide personalized insights, Your privacy is our priority, and your data will only be used to enhance the features of our app.";
				INFOPLIST_KEY_NSMicrophoneUsageDescription = "We use microphone to record video in the app";
				INFOPLIST_KEY_UIApplicationSupportsIndirectInputEvents = YES;
				INFOPLIST_KEY_UILaunchStoryboardName = LaunchScreen;
				INFOPLIST_KEY_UIMainStoryboardFile = Main;
				INFOPLIST_KEY_UISupportedInterfaceOrientations = UIInterfaceOrientationPortrait;
				INFOPLIST_KEY_UIUserInterfaceStyle = Light;
				IPHONEOS_DEPLOYMENT_TARGET = 17.0;
				LD_RUNPATH_SEARCH_PATHS = (
					"$(inherited)",
					"@executable_path/Frameworks",
				);
				MARKETING_VERSION = 1.0;
				PRODUCT_BUNDLE_IDENTIFIER = com.physiosync.srg;
				PRODUCT_NAME = "$(TARGET_NAME)";
				PROVISIONING_PROFILE_SPECIFIER = "";
				SWIFT_EMIT_LOC_STRINGS = YES;
				SWIFT_VERSION = 5.0;
				TARGETED_DEVICE_FAMILY = "1,2";
			};
			name = Release;
		};
/* End XCBuildConfiguration section */

/* Begin XCConfigurationList section */
		678F33CF2BFED67800824A23 /* Build configuration list for PBXProject "PhysioSync" */ = {
			isa = XCConfigurationList;
			buildConfigurations = (
				678F33E62BFED67A00824A23 /* Debug */,
				678F33E72BFED67A00824A23 /* Release */,
			);
			defaultConfigurationIsVisible = 0;
			defaultConfigurationName = Release;
		};
		678F33E82BFED67A00824A23 /* Build configuration list for PBXNativeTarget "PhysioSync" */ = {
			isa = XCConfigurationList;
			buildConfigurations = (
				678F33E92BFED67A00824A23 /* Debug */,
				678F33EA2BFED67A00824A23 /* Release */,
			);
			defaultConfigurationIsVisible = 0;
			defaultConfigurationName = Release;
		};
/* End XCConfigurationList section */
	};
	rootObject = 678F33CC2BFED67800824A23 /* Project object */;
}
